// !$*UTF8*$!
{
	archiveVersion = 1;
	classes = {
	};
	objectVersion = 46;
	objects = {

/* Begin PBXBuildFile section */
		6A5D3E151DA25D2C003EB0F5 /* main.m in Sources */ = {isa = PBXBuildFile; fileRef = 6A5D3E141DA25D2C003EB0F5 /* main.m */; };
		6A5D3E181DA25D2C003EB0F5 /* AppDelegate.m in Sources */ = {isa = PBXBuildFile; fileRef = 6A5D3E171DA25D2C003EB0F5 /* AppDelegate.m */; };
		6A5D3E1B1DA25D2C003EB0F5 /* ViewController.m in Sources */ = {isa = PBXBuildFile; fileRef = 6A5D3E1A1DA25D2C003EB0F5 /* ViewController.m */; };
		6A5D3E1E1DA25D2C003EB0F5 /* Main.storyboard in Resources */ = {isa = PBXBuildFile; fileRef = 6A5D3E1C1DA25D2C003EB0F5 /* Main.storyboard */; };
		6A5D3E201DA25D2C003EB0F5 /* Assets.xcassets in Resources */ = {isa = PBXBuildFile; fileRef = 6A5D3E1F1DA25D2C003EB0F5 /* Assets.xcassets */; };
		6A5D3E231DA25D2C003EB0F5 /* LaunchScreen.storyboard in Resources */ = {isa = PBXBuildFile; fileRef = 6A5D3E211DA25D2C003EB0F5 /* LaunchScreen.storyboard */; };
		6A5D3E2C1DA25D79003EB0F5 /* CoreGraphics.framework in Frameworks */ = {isa = PBXBuildFile; fileRef = 6A5D3E2B1DA25D79003EB0F5 /* CoreGraphics.framework */; };
		6A5D3E2E1DA25D7F003EB0F5 /* QuartzCore.framework in Frameworks */ = {isa = PBXBuildFile; fileRef = 6A5D3E2D1DA25D7F003EB0F5 /* QuartzCore.framework */; };
		6A5D3E301DA25D85003EB0F5 /* CoreText.framework in Frameworks */ = {isa = PBXBuildFile; fileRef = 6A5D3E2F1DA25D85003EB0F5 /* CoreText.framework */; };
		6A5D3E321DA25D8B003EB0F5 /* SystemConfiguration.framework in Frameworks */ = {isa = PBXBuildFile; fileRef = 6A5D3E311DA25D8B003EB0F5 /* SystemConfiguration.framework */; };
		6A5D3E341DA25D91003EB0F5 /* CoreTelephony.framework in Frameworks */ = {isa = PBXBuildFile; fileRef = 6A5D3E331DA25D91003EB0F5 /* CoreTelephony.framework */; };
		6A5D3E361DA25D96003EB0F5 /* UIKit.framework in Frameworks */ = {isa = PBXBuildFile; fileRef = 6A5D3E351DA25D96003EB0F5 /* UIKit.framework */; };
		6A5D3E381DA25D9D003EB0F5 /* libsqlite3.tbd in Frameworks */ = {isa = PBXBuildFile; fileRef = 6A5D3E371DA25D9D003EB0F5 /* libsqlite3.tbd */; };
		6A5D3E3A1DA25DA3003EB0F5 /* libz.tbd in Frameworks */ = {isa = PBXBuildFile; fileRef = 6A5D3E391DA25DA3003EB0F5 /* libz.tbd */; };
		6A5D3E3C1DA25DA9003EB0F5 /* Security.framework in Frameworks */ = {isa = PBXBuildFile; fileRef = 6A5D3E3B1DA25DA9003EB0F5 /* Security.framework */; };
		6A5D3E3E1DA25DB7003EB0F5 /* QuickLook.framework in Frameworks */ = {isa = PBXBuildFile; fileRef = 6A5D3E3D1DA25DB7003EB0F5 /* QuickLook.framework */; };
		6A5D3E401DA25DBC003EB0F5 /* CoreLocation.framework in Frameworks */ = {isa = PBXBuildFile; fileRef = 6A5D3E3F1DA25DBC003EB0F5 /* CoreLocation.framework */; };
		6A5D3E421DA25DC2003EB0F5 /* MobileCoreServices.framework in Frameworks */ = {isa = PBXBuildFile; fileRef = 6A5D3E411DA25DC2003EB0F5 /* MobileCoreServices.framework */; };
		6A5D3E441DA25DC9003EB0F5 /* CoreSpotlight.framework in Frameworks */ = {isa = PBXBuildFile; fileRef = 6A5D3E431DA25DC9003EB0F5 /* CoreSpotlight.framework */; };
		6A7F21411E92236200721A5E /* WebKit.framework in Frameworks */ = {isa = PBXBuildFile; fileRef = 6A7F21401E92236200721A5E /* WebKit.framework */; };
		6A7F21431E92236600721A5E /* Photos.framework in Frameworks */ = {isa = PBXBuildFile; fileRef = 6A7F21421E92236600721A5E /* Photos.framework */; };
		6AF3CB981F1F6BE900915D4C /* libicucore.tbd in Frameworks */ = {isa = PBXBuildFile; fileRef = 6AF3CB971F1F6BDE00915D4C /* libicucore.tbd */; };
		6FAF1287E703040E5DAF22B8 /* libPods-HelpshiftSupportApp.a in Frameworks */ = {isa = PBXBuildFile; fileRef = 35BB3F3DD333D8FDFA29FAA0 /* libPods-HelpshiftSupportApp.a */; };
/* End PBXBuildFile section */

/* Begin PBXFileReference section */
		0C058809882BE01CA1BA6A1E /* Pods-HelpshiftSupportApp.debug.xcconfig */ = {isa = PBXFileReference; includeInIndex = 1; lastKnownFileType = text.xcconfig; name = "Pods-HelpshiftSupportApp.debug.xcconfig"; path = "Pods/Target Support Files/Pods-HelpshiftSupportApp/Pods-HelpshiftSupportApp.debug.xcconfig"; sourceTree = "<group>"; };
		35BB3F3DD333D8FDFA29FAA0 /* libPods-HelpshiftSupportApp.a */ = {isa = PBXFileReference; explicitFileType = archive.ar; includeInIndex = 0; path = "libPods-HelpshiftSupportApp.a"; sourceTree = BUILT_PRODUCTS_DIR; };
		45CFFAA4AAFDC2FA50D45579 /* Pods-HelpshiftSupportApp.release.xcconfig */ = {isa = PBXFileReference; includeInIndex = 1; lastKnownFileType = text.xcconfig; name = "Pods-HelpshiftSupportApp.release.xcconfig"; path = "Pods/Target Support Files/Pods-HelpshiftSupportApp/Pods-HelpshiftSupportApp.release.xcconfig"; sourceTree = "<group>"; };
		6A5D3E101DA25D2C003EB0F5 /* HelpshiftSupportApp.app */ = {isa = PBXFileReference; explicitFileType = wrapper.application; includeInIndex = 0; path = HelpshiftSupportApp.app; sourceTree = BUILT_PRODUCTS_DIR; };
		6A5D3E141DA25D2C003EB0F5 /* main.m */ = {isa = PBXFileReference; lastKnownFileType = sourcecode.c.objc; path = main.m; sourceTree = "<group>"; };
		6A5D3E161DA25D2C003EB0F5 /* AppDelegate.h */ = {isa = PBXFileReference; lastKnownFileType = sourcecode.c.h; path = AppDelegate.h; sourceTree = "<group>"; };
		6A5D3E171DA25D2C003EB0F5 /* AppDelegate.m */ = {isa = PBXFileReference; lastKnownFileType = sourcecode.c.objc; path = AppDelegate.m; sourceTree = "<group>"; };
		6A5D3E191DA25D2C003EB0F5 /* ViewController.h */ = {isa = PBXFileReference; lastKnownFileType = sourcecode.c.h; path = ViewController.h; sourceTree = "<group>"; };
		6A5D3E1A1DA25D2C003EB0F5 /* ViewController.m */ = {isa = PBXFileReference; lastKnownFileType = sourcecode.c.objc; path = ViewController.m; sourceTree = "<group>"; };
		6A5D3E1D1DA25D2C003EB0F5 /* Base */ = {isa = PBXFileReference; lastKnownFileType = file.storyboard; name = Base; path = Base.lproj/Main.storyboard; sourceTree = "<group>"; };
		6A5D3E1F1DA25D2C003EB0F5 /* Assets.xcassets */ = {isa = PBXFileReference; lastKnownFileType = folder.assetcatalog; path = Assets.xcassets; sourceTree = "<group>"; };
		6A5D3E221DA25D2C003EB0F5 /* Base */ = {isa = PBXFileReference; lastKnownFileType = file.storyboard; name = Base; path = Base.lproj/LaunchScreen.storyboard; sourceTree = "<group>"; };
		6A5D3E241DA25D2C003EB0F5 /* Info.plist */ = {isa = PBXFileReference; lastKnownFileType = text.plist.xml; path = Info.plist; sourceTree = "<group>"; };
		6A5D3E2B1DA25D79003EB0F5 /* CoreGraphics.framework */ = {isa = PBXFileReference; lastKnownFileType = wrapper.framework; name = CoreGraphics.framework; path = System/Library/Frameworks/CoreGraphics.framework; sourceTree = SDKROOT; };
		6A5D3E2D1DA25D7F003EB0F5 /* QuartzCore.framework */ = {isa = PBXFileReference; lastKnownFileType = wrapper.framework; name = QuartzCore.framework; path = System/Library/Frameworks/QuartzCore.framework; sourceTree = SDKROOT; };
		6A5D3E2F1DA25D85003EB0F5 /* CoreText.framework */ = {isa = PBXFileReference; lastKnownFileType = wrapper.framework; name = CoreText.framework; path = System/Library/Frameworks/CoreText.framework; sourceTree = SDKROOT; };
		6A5D3E311DA25D8B003EB0F5 /* SystemConfiguration.framework */ = {isa = PBXFileReference; lastKnownFileType = wrapper.framework; name = SystemConfiguration.framework; path = System/Library/Frameworks/SystemConfiguration.framework; sourceTree = SDKROOT; };
		6A5D3E331DA25D91003EB0F5 /* CoreTelephony.framework */ = {isa = PBXFileReference; lastKnownFileType = wrapper.framework; name = CoreTelephony.framework; path = System/Library/Frameworks/CoreTelephony.framework; sourceTree = SDKROOT; };
		6A5D3E351DA25D96003EB0F5 /* UIKit.framework */ = {isa = PBXFileReference; lastKnownFileType = wrapper.framework; name = UIKit.framework; path = System/Library/Frameworks/UIKit.framework; sourceTree = SDKROOT; };
		6A5D3E371DA25D9D003EB0F5 /* libsqlite3.tbd */ = {isa = PBXFileReference; lastKnownFileType = "sourcecode.text-based-dylib-definition"; name = libsqlite3.tbd; path = usr/lib/libsqlite3.tbd; sourceTree = SDKROOT; };
		6A5D3E391DA25DA3003EB0F5 /* libz.tbd */ = {isa = PBXFileReference; lastKnownFileType = "sourcecode.text-based-dylib-definition"; name = libz.tbd; path = usr/lib/libz.tbd; sourceTree = SDKROOT; };
		6A5D3E3B1DA25DA9003EB0F5 /* Security.framework */ = {isa = PBXFileReference; lastKnownFileType = wrapper.framework; name = Security.framework; path = System/Library/Frameworks/Security.framework; sourceTree = SDKROOT; };
		6A5D3E3D1DA25DB7003EB0F5 /* QuickLook.framework */ = {isa = PBXFileReference; lastKnownFileType = wrapper.framework; name = QuickLook.framework; path = System/Library/Frameworks/QuickLook.framework; sourceTree = SDKROOT; };
		6A5D3E3F1DA25DBC003EB0F5 /* CoreLocation.framework */ = {isa = PBXFileReference; lastKnownFileType = wrapper.framework; name = CoreLocation.framework; path = System/Library/Frameworks/CoreLocation.framework; sourceTree = SDKROOT; };
		6A5D3E411DA25DC2003EB0F5 /* MobileCoreServices.framework */ = {isa = PBXFileReference; lastKnownFileType = wrapper.framework; name = MobileCoreServices.framework; path = System/Library/Frameworks/MobileCoreServices.framework; sourceTree = SDKROOT; };
		6A5D3E431DA25DC9003EB0F5 /* CoreSpotlight.framework */ = {isa = PBXFileReference; lastKnownFileType = wrapper.framework; name = CoreSpotlight.framework; path = System/Library/Frameworks/CoreSpotlight.framework; sourceTree = SDKROOT; };
		6A7F21401E92236200721A5E /* WebKit.framework */ = {isa = PBXFileReference; lastKnownFileType = wrapper.framework; name = WebKit.framework; path = System/Library/Frameworks/WebKit.framework; sourceTree = SDKROOT; };
		6A7F21421E92236600721A5E /* Photos.framework */ = {isa = PBXFileReference; lastKnownFileType = wrapper.framework; name = Photos.framework; path = System/Library/Frameworks/Photos.framework; sourceTree = SDKROOT; };
		6AF3CB971F1F6BDE00915D4C /* libicucore.tbd */ = {isa = PBXFileReference; lastKnownFileType = "sourcecode.text-based-dylib-definition"; name = libicucore.tbd; path = usr/lib/libicucore.tbd; sourceTree = SDKROOT; };
/* End PBXFileReference section */

/* Begin PBXFrameworksBuildPhase section */
		6A5D3E0D1DA25D2C003EB0F5 /* Frameworks */ = {
			isa = PBXFrameworksBuildPhase;
			buildActionMask = 2147483647;
			files = (
				6AF3CB981F1F6BE900915D4C /* libicucore.tbd in Frameworks */,
				6A7F21431E92236600721A5E /* Photos.framework in Frameworks */,
				6A7F21411E92236200721A5E /* WebKit.framework in Frameworks */,
				6A5D3E441DA25DC9003EB0F5 /* CoreSpotlight.framework in Frameworks */,
				6A5D3E421DA25DC2003EB0F5 /* MobileCoreServices.framework in Frameworks */,
				6A5D3E401DA25DBC003EB0F5 /* CoreLocation.framework in Frameworks */,
				6A5D3E3E1DA25DB7003EB0F5 /* QuickLook.framework in Frameworks */,
				6A5D3E3C1DA25DA9003EB0F5 /* Security.framework in Frameworks */,
				6A5D3E3A1DA25DA3003EB0F5 /* libz.tbd in Frameworks */,
				6A5D3E381DA25D9D003EB0F5 /* libsqlite3.tbd in Frameworks */,
				6A5D3E361DA25D96003EB0F5 /* UIKit.framework in Frameworks */,
				6A5D3E341DA25D91003EB0F5 /* CoreTelephony.framework in Frameworks */,
				6A5D3E321DA25D8B003EB0F5 /* SystemConfiguration.framework in Frameworks */,
				6A5D3E301DA25D85003EB0F5 /* CoreText.framework in Frameworks */,
				6A5D3E2E1DA25D7F003EB0F5 /* QuartzCore.framework in Frameworks */,
				6A5D3E2C1DA25D79003EB0F5 /* CoreGraphics.framework in Frameworks */,
				6FAF1287E703040E5DAF22B8 /* libPods-HelpshiftSupportApp.a in Frameworks */,
			);
			runOnlyForDeploymentPostprocessing = 0;
		};
/* End PBXFrameworksBuildPhase section */

/* Begin PBXGroup section */
		2FD0ECB17339A3B2E4974F5E /* Pods */ = {
			isa = PBXGroup;
			children = (
				0C058809882BE01CA1BA6A1E /* Pods-HelpshiftSupportApp.debug.xcconfig */,
				45CFFAA4AAFDC2FA50D45579 /* Pods-HelpshiftSupportApp.release.xcconfig */,
			);
			name = Pods;
			sourceTree = "<group>";
		};
		6A5D3E071DA25D2C003EB0F5 = {
			isa = PBXGroup;
			children = (
				6A5D3E2A1DA25D55003EB0F5 /* Frameworks */,
				6A5D3E121DA25D2C003EB0F5 /* HelpshiftSupportApp */,
				6A5D3E111DA25D2C003EB0F5 /* Products */,
				2FD0ECB17339A3B2E4974F5E /* Pods */,
			);
			sourceTree = "<group>";
		};
		6A5D3E111DA25D2C003EB0F5 /* Products */ = {
			isa = PBXGroup;
			children = (
				6A5D3E101DA25D2C003EB0F5 /* HelpshiftSupportApp.app */,
			);
			name = Products;
			sourceTree = "<group>";
		};
		6A5D3E121DA25D2C003EB0F5 /* HelpshiftSupportApp */ = {
			isa = PBXGroup;
			children = (
				6A5D3E161DA25D2C003EB0F5 /* AppDelegate.h */,
				6A5D3E171DA25D2C003EB0F5 /* AppDelegate.m */,
				6A5D3E191DA25D2C003EB0F5 /* ViewController.h */,
				6A5D3E1A1DA25D2C003EB0F5 /* ViewController.m */,
				6A5D3E1C1DA25D2C003EB0F5 /* Main.storyboard */,
				6A5D3E1F1DA25D2C003EB0F5 /* Assets.xcassets */,
				6A5D3E211DA25D2C003EB0F5 /* LaunchScreen.storyboard */,
				6A5D3E241DA25D2C003EB0F5 /* Info.plist */,
				6A5D3E131DA25D2C003EB0F5 /* Supporting Files */,
			);
			path = HelpshiftSupportApp;
			sourceTree = "<group>";
		};
		6A5D3E131DA25D2C003EB0F5 /* Supporting Files */ = {
			isa = PBXGroup;
			children = (
				6A5D3E141DA25D2C003EB0F5 /* main.m */,
			);
			name = "Supporting Files";
			sourceTree = "<group>";
		};
		6A5D3E2A1DA25D55003EB0F5 /* Frameworks */ = {
			isa = PBXGroup;
			children = (
				6AF3CB971F1F6BDE00915D4C /* libicucore.tbd */,
				6A7F21421E92236600721A5E /* Photos.framework */,
				6A7F21401E92236200721A5E /* WebKit.framework */,
				6A5D3E431DA25DC9003EB0F5 /* CoreSpotlight.framework */,
				6A5D3E411DA25DC2003EB0F5 /* MobileCoreServices.framework */,
				6A5D3E3F1DA25DBC003EB0F5 /* CoreLocation.framework */,
				6A5D3E3D1DA25DB7003EB0F5 /* QuickLook.framework */,
				6A5D3E3B1DA25DA9003EB0F5 /* Security.framework */,
				6A5D3E391DA25DA3003EB0F5 /* libz.tbd */,
				6A5D3E371DA25D9D003EB0F5 /* libsqlite3.tbd */,
				6A5D3E351DA25D96003EB0F5 /* UIKit.framework */,
				6A5D3E331DA25D91003EB0F5 /* CoreTelephony.framework */,
				6A5D3E311DA25D8B003EB0F5 /* SystemConfiguration.framework */,
				6A5D3E2F1DA25D85003EB0F5 /* CoreText.framework */,
				6A5D3E2D1DA25D7F003EB0F5 /* QuartzCore.framework */,
				6A5D3E2B1DA25D79003EB0F5 /* CoreGraphics.framework */,
				35BB3F3DD333D8FDFA29FAA0 /* libPods-HelpshiftSupportApp.a */,
			);
			name = Frameworks;
			sourceTree = "<group>";
		};
/* End PBXGroup section */

/* Begin PBXNativeTarget section */
		6A5D3E0F1DA25D2C003EB0F5 /* HelpshiftSupportApp */ = {
			isa = PBXNativeTarget;
			buildConfigurationList = 6A5D3E271DA25D2C003EB0F5 /* Build configuration list for PBXNativeTarget "HelpshiftSupportApp" */;
			buildPhases = (
				3685ADA61AD1BEC823E85A7D /* [CP] Check Pods Manifest.lock */,
				6A5D3E0C1DA25D2C003EB0F5 /* Sources */,
				6A5D3E0D1DA25D2C003EB0F5 /* Frameworks */,
				6A5D3E0E1DA25D2C003EB0F5 /* Resources */,
				82FDC59525CBEB8CEF81C936 /* [CP] Copy Pods Resources */,
			);
			buildRules = (
			);
			dependencies = (
			);
			name = HelpshiftSupportApp;
			productName = HelpshiftSupportApp;
			productReference = 6A5D3E101DA25D2C003EB0F5 /* HelpshiftSupportApp.app */;
			productType = "com.apple.product-type.application";
		};
/* End PBXNativeTarget section */

/* Begin PBXProject section */
		6A5D3E081DA25D2C003EB0F5 /* Project object */ = {
			isa = PBXProject;
			attributes = {
				LastUpgradeCheck = 0730;
				ORGANIZATIONNAME = yourorganization;
				TargetAttributes = {
					6A5D3E0F1DA25D2C003EB0F5 = {
						CreatedOnToolsVersion = 7.3.1;
					};
				};
			};
			buildConfigurationList = 6A5D3E0B1DA25D2C003EB0F5 /* Build configuration list for PBXProject "HelpshiftSupportApp" */;
			compatibilityVersion = "Xcode 3.2";
			developmentRegion = English;
			hasScannedForEncodings = 0;
			knownRegions = (
				en,
				Base,
				ar,
				bg,
				bn,
				ca,
				cs,
				da,
				de,
				el,
				es,
				fa,
				fi,
				fr,
				gu,
				he,
				hi,
				hr,
				hu,
				id,
				it,
				ja,
				kn,
				ko,
				lv,
				ml,
				mr,
				ms,
				"nb-NO",
				nb,
				nl,
				pa,
				pl,
				pt,
				ro,
				ru,
				sk,
				sl,
				sv,
				ta,
				te,
				th,
				tr,
				uk,
				vi,
				"zh-Hans-SG",
				"zh-Hans",
				"zh-Hant-HK",
				"zh-Hant",
				"zh-Hk",
				"zh-Sg",
			);
			mainGroup = 6A5D3E071DA25D2C003EB0F5;
			productRefGroup = 6A5D3E111DA25D2C003EB0F5 /* Products */;
			projectDirPath = "";
			projectRoot = "";
			targets = (
				6A5D3E0F1DA25D2C003EB0F5 /* HelpshiftSupportApp */,
			);
		};
/* End PBXProject section */

/* Begin PBXResourcesBuildPhase section */
		6A5D3E0E1DA25D2C003EB0F5 /* Resources */ = {
			isa = PBXResourcesBuildPhase;
			buildActionMask = 2147483647;
			files = (
				6A5D3E231DA25D2C003EB0F5 /* LaunchScreen.storyboard in Resources */,
				6A5D3E201DA25D2C003EB0F5 /* Assets.xcassets in Resources */,
				6A5D3E1E1DA25D2C003EB0F5 /* Main.storyboard in Resources */,
			);
			runOnlyForDeploymentPostprocessing = 0;
		};
/* End PBXResourcesBuildPhase section */

/* Begin PBXShellScriptBuildPhase section */
		3685ADA61AD1BEC823E85A7D /* [CP] Check Pods Manifest.lock */ = {
			isa = PBXShellScriptBuildPhase;
			buildActionMask = 2147483647;
			files = (
			);
			inputFileListPaths = (
			);
			inputPaths = (
				"${PODS_PODFILE_DIR_PATH}/Podfile.lock",
				"${PODS_ROOT}/Manifest.lock",
			);
			name = "[CP] Check Pods Manifest.lock";
			outputFileListPaths = (
			);
			outputPaths = (
				"$(DERIVED_FILE_DIR)/Pods-HelpshiftSupportApp-checkManifestLockResult.txt",
			);
			runOnlyForDeploymentPostprocessing = 0;
			shellPath = /bin/sh;
			shellScript = "diff \"${PODS_PODFILE_DIR_PATH}/Podfile.lock\" \"${PODS_ROOT}/Manifest.lock\" > /dev/null\nif [ $? != 0 ] ; then\n    # print error to STDERR\n    echo \"error: The sandbox is not in sync with the Podfile.lock. Run 'pod install' or update your CocoaPods installation.\" >&2\n    exit 1\nfi\n# This output is used by Xcode 'outputs' to avoid re-running this script phase.\necho \"SUCCESS\" > \"${SCRIPT_OUTPUT_FILE_0}\"\n";
			showEnvVarsInLog = 0;
		};
		82FDC59525CBEB8CEF81C936 /* [CP] Copy Pods Resources */ = {
			isa = PBXShellScriptBuildPhase;
			buildActionMask = 2147483647;
			files = (
			);
			inputFileListPaths = (
			);
			inputPaths = (
				"${SRCROOT}/Pods/Target Support Files/Pods-HelpshiftSupportApp/Pods-HelpshiftSupportApp-resources.sh",
				"${PODS_ROOT}/Helpshift/helpshift-sdk-ios-v7.5.1/HsUIResources.bundle",
				"${PODS_ROOT}/Helpshift/helpshift-sdk-ios-v7.5.1/HsLocalization.bundle",
				"${PODS_ROOT}/Helpshift/helpshift-sdk-ios-v7.5.1/HSThemes/HelpshiftConfig.plist",
				"${PODS_ROOT}/Helpshift/helpshift-sdk-ios-v7.5.1/HSThemes/HelpshiftConfigDark.plist",
				"${PODS_ROOT}/Helpshift/helpshift-sdk-ios-v7.5.1/HSThemes/HelpshiftConfigHighContrast.plist",
			);
			name = "[CP] Copy Pods Resources";
			outputFileListPaths = (
			);
			outputPaths = (
				"${TARGET_BUILD_DIR}/${UNLOCALIZED_RESOURCES_FOLDER_PATH}/HsUIResources.bundle",
				"${TARGET_BUILD_DIR}/${UNLOCALIZED_RESOURCES_FOLDER_PATH}/HsLocalization.bundle",
				"${TARGET_BUILD_DIR}/${UNLOCALIZED_RESOURCES_FOLDER_PATH}/HelpshiftConfig.plist",
				"${TARGET_BUILD_DIR}/${UNLOCALIZED_RESOURCES_FOLDER_PATH}/HelpshiftConfigDark.plist",
				"${TARGET_BUILD_DIR}/${UNLOCALIZED_RESOURCES_FOLDER_PATH}/HelpshiftConfigHighContrast.plist",
			);
			runOnlyForDeploymentPostprocessing = 0;
			shellPath = /bin/sh;
			shellScript = "\"${SRCROOT}/Pods/Target Support Files/Pods-HelpshiftSupportApp/Pods-HelpshiftSupportApp-resources.sh\"\n";
			showEnvVarsInLog = 0;
		};
/* End PBXShellScriptBuildPhase section */

/* Begin PBXSourcesBuildPhase section */
		6A5D3E0C1DA25D2C003EB0F5 /* Sources */ = {
			isa = PBXSourcesBuildPhase;
			buildActionMask = 2147483647;
			files = (
				6A5D3E1B1DA25D2C003EB0F5 /* ViewController.m in Sources */,
				6A5D3E181DA25D2C003EB0F5 /* AppDelegate.m in Sources */,
				6A5D3E151DA25D2C003EB0F5 /* main.m in Sources */,
			);
			runOnlyForDeploymentPostprocessing = 0;
		};
/* End PBXSourcesBuildPhase section */

/* Begin PBXVariantGroup section */
		6A5D3E1C1DA25D2C003EB0F5 /* Main.storyboard */ = {
			isa = PBXVariantGroup;
			children = (
				6A5D3E1D1DA25D2C003EB0F5 /* Base */,
			);
			name = Main.storyboard;
			sourceTree = "<group>";
		};
		6A5D3E211DA25D2C003EB0F5 /* LaunchScreen.storyboard */ = {
			isa = PBXVariantGroup;
			children = (
				6A5D3E221DA25D2C003EB0F5 /* Base */,
			);
			name = LaunchScreen.storyboard;
			sourceTree = "<group>";
		};
/* End PBXVariantGroup section */

/* Begin XCBuildConfiguration section */
		6A5D3E251DA25D2C003EB0F5 /* Debug */ = {
			isa = XCBuildConfiguration;
			buildSettings = {
				ALWAYS_SEARCH_USER_PATHS = NO;
				CLANG_ANALYZER_NONNULL = YES;
				CLANG_CXX_LANGUAGE_STANDARD = "gnu++0x";
				CLANG_CXX_LIBRARY = "libc++";
				CLANG_ENABLE_MODULES = YES;
				CLANG_ENABLE_OBJC_ARC = YES;
				CLANG_WARN_BOOL_CONVERSION = YES;
				CLANG_WARN_CONSTANT_CONVERSION = YES;
				CLANG_WARN_DIRECT_OBJC_ISA_USAGE = YES_ERROR;
				CLANG_WARN_EMPTY_BODY = YES;
				CLANG_WARN_ENUM_CONVERSION = YES;
				CLANG_WARN_INT_CONVERSION = YES;
				CLANG_WARN_OBJC_ROOT_CLASS = YES_ERROR;
				CLANG_WARN_UNREACHABLE_CODE = YES;
				CLANG_WARN__DUPLICATE_METHOD_MATCH = YES;
				"CODE_SIGN_IDENTITY[sdk=iphoneos*]" = "iPhone Developer";
				COPY_PHASE_STRIP = NO;
				DEBUG_INFORMATION_FORMAT = dwarf;
				ENABLE_STRICT_OBJC_MSGSEND = YES;
				ENABLE_TESTABILITY = YES;
				GCC_C_LANGUAGE_STANDARD = gnu99;
				GCC_DYNAMIC_NO_PIC = NO;
				GCC_NO_COMMON_BLOCKS = YES;
				GCC_OPTIMIZATION_LEVEL = 0;
				GCC_PREPROCESSOR_DEFINITIONS = (
					"DEBUG=1",
					"$(inherited)",
				);
				GCC_WARN_64_TO_32_BIT_CONVERSION = YES;
				GCC_WARN_ABOUT_RETURN_TYPE = YES_ERROR;
				GCC_WARN_UNDECLARED_SELECTOR = YES;
				GCC_WARN_UNINITIALIZED_AUTOS = YES_AGGRESSIVE;
				GCC_WARN_UNUSED_FUNCTION = YES;
				GCC_WARN_UNUSED_VARIABLE = YES;
				IPHONEOS_DEPLOYMENT_TARGET = 9.3;
				MTL_ENABLE_DEBUG_INFO = YES;
				ONLY_ACTIVE_ARCH = YES;
				SDKROOT = iphoneos;
				TARGETED_DEVICE_FAMILY = "1,2";
			};
			name = Debug;
		};
		6A5D3E261DA25D2C003EB0F5 /* Release */ = {
			isa = XCBuildConfiguration;
			buildSettings = {
				ALWAYS_SEARCH_USER_PATHS = NO;
				CLANG_ANALYZER_NONNULL = YES;
				CLANG_CXX_LANGUAGE_STANDARD = "gnu++0x";
				CLANG_CXX_LIBRARY = "libc++";
				CLANG_ENABLE_MODULES = YES;
				CLANG_ENABLE_OBJC_ARC = YES;
				CLANG_WARN_BOOL_CONVERSION = YES;
				CLANG_WARN_CONSTANT_CONVERSION = YES;
				CLANG_WARN_DIRECT_OBJC_ISA_USAGE = YES_ERROR;
				CLANG_WARN_EMPTY_BODY = YES;
				CLANG_WARN_ENUM_CONVERSION = YES;
				CLANG_WARN_INT_CONVERSION = YES;
				CLANG_WARN_OBJC_ROOT_CLASS = YES_ERROR;
				CLANG_WARN_UNREACHABLE_CODE = YES;
				CLANG_WARN__DUPLICATE_METHOD_MATCH = YES;
				"CODE_SIGN_IDENTITY[sdk=iphoneos*]" = "iPhone Developer";
				COPY_PHASE_STRIP = NO;
				DEBUG_INFORMATION_FORMAT = "dwarf-with-dsym";
				ENABLE_NS_ASSERTIONS = NO;
				ENABLE_STRICT_OBJC_MSGSEND = YES;
				GCC_C_LANGUAGE_STANDARD = gnu99;
				GCC_NO_COMMON_BLOCKS = YES;
				GCC_WARN_64_TO_32_BIT_CONVERSION = YES;
				GCC_WARN_ABOUT_RETURN_TYPE = YES_ERROR;
				GCC_WARN_UNDECLARED_SELECTOR = YES;
				GCC_WARN_UNINITIALIZED_AUTOS = YES_AGGRESSIVE;
				GCC_WARN_UNUSED_FUNCTION = YES;
				GCC_WARN_UNUSED_VARIABLE = YES;
				IPHONEOS_DEPLOYMENT_TARGET = 9.3;
				MTL_ENABLE_DEBUG_INFO = NO;
				SDKROOT = iphoneos;
				TARGETED_DEVICE_FAMILY = "1,2";
				VALIDATE_PRODUCT = YES;
			};
			name = Release;
		};
		6A5D3E281DA25D2C003EB0F5 /* Debug */ = {
			isa = XCBuildConfiguration;
			baseConfigurationReference = 0C058809882BE01CA1BA6A1E /* Pods-HelpshiftSupportApp.debug.xcconfig */;
			buildSettings = {
				ASSETCATALOG_COMPILER_APPICON_NAME = AppIcon;
				DEVELOPMENT_TEAM = "";
				INFOPLIST_FILE = HelpshiftSupportApp/Info.plist;
				IPHONEOS_DEPLOYMENT_TARGET = 10.0;
				LD_RUNPATH_SEARCH_PATHS = "$(inherited) @executable_path/Frameworks";
				LIBRARY_SEARCH_PATHS = (
					"$(inherited)",
					"$(PROJECT_DIR)",
				);
				PRODUCT_BUNDLE_IDENTIFIER = com.companyName.productName;
				PRODUCT_NAME = "$(TARGET_NAME)";
			};
			name = Debug;
		};
		6A5D3E291DA25D2C003EB0F5 /* Release */ = {
			isa = XCBuildConfiguration;
			baseConfigurationReference = 45CFFAA4AAFDC2FA50D45579 /* Pods-HelpshiftSupportApp.release.xcconfig */;
			buildSettings = {
				ASSETCATALOG_COMPILER_APPICON_NAME = AppIcon;
				DEVELOPMENT_TEAM = "";
				INFOPLIST_FILE = HelpshiftSupportApp/Info.plist;
				IPHONEOS_DEPLOYMENT_TARGET = 10.0;
				LD_RUNPATH_SEARCH_PATHS = "$(inherited) @executable_path/Frameworks";
				LIBRARY_SEARCH_PATHS = (
					"$(inherited)",
					"$(PROJECT_DIR)",
				);
				PRODUCT_BUNDLE_IDENTIFIER = com.companyName.productName;
				PRODUCT_NAME = "$(TARGET_NAME)";
			};
			name = Release;
		};
/* End XCBuildConfiguration section */

/* Begin XCConfigurationList section */
		6A5D3E0B1DA25D2C003EB0F5 /* Build configuration list for PBXProject "HelpshiftSupportApp" */ = {
			isa = XCConfigurationList;
			buildConfigurations = (
				6A5D3E251DA25D2C003EB0F5 /* Debug */,
				6A5D3E261DA25D2C003EB0F5 /* Release */,
			);
			defaultConfigurationIsVisible = 0;
			defaultConfigurationName = Release;
		};
		6A5D3E271DA25D2C003EB0F5 /* Build configuration list for PBXNativeTarget "HelpshiftSupportApp" */ = {
			isa = XCConfigurationList;
			buildConfigurations = (
				6A5D3E281DA25D2C003EB0F5 /* Debug */,
				6A5D3E291DA25D2C003EB0F5 /* Release */,
			);
			defaultConfigurationIsVisible = 0;
			defaultConfigurationName = Release;
		};
/* End XCConfigurationList section */
	};
	rootObject = 6A5D3E081DA25D2C003EB0F5 /* Project object */;
}
