// !$*UTF8*$!
{
	archiveVersion = 1;
	classes = {
	};
	objectVersion = 46;
	objects = {

/* Begin PBXBuildFile section */
		770D0FB91FE250D4005E5A8D /* AppDelegate.swift in Sources */ = {isa = PBXBuildFile; fileRef = 770D0FB81FE250D4005E5A8D /* AppDelegate.swift */; };
		770D0FBB1FE250D4005E5A8D /* ViewController.swift in Sources */ = {isa = PBXBuildFile; fileRef = 770D0FBA1FE250D4005E5A8D /* ViewController.swift */; };
		770D0FBE1FE250D4005E5A8D /* Main.storyboard in Resources */ = {isa = PBXBuildFile; fileRef = 770D0FBC1FE250D4005E5A8D /* Main.storyboard */; };
		770D0FC11FE250D4005E5A8D /* HSSwiftDemo.xcdatamodeld in Sources */ = {isa = PBXBuildFile; fileRef = 770D0FBF1FE250D4005E5A8D /* HSSwiftDemo.xcdatamodeld */; };
		770D0FC31FE250D4005E5A8D /* Assets.xcassets in Resources */ = {isa = PBXBuildFile; fileRef = 770D0FC21FE250D4005E5A8D /* Assets.xcassets */; };
		770D0FC61FE250D4005E5A8D /* LaunchScreen.storyboard in Resources */ = {isa = PBXBuildFile; fileRef = 770D0FC41FE250D4005E5A8D /* LaunchScreen.storyboard */; };
		770D101D1FE25275005E5A8D /* CoreGraphics.framework in Frameworks */ = {isa = PBXBuildFile; fileRef = 770D101C1FE25275005E5A8D /* CoreGraphics.framework */; };
		770D101F1FE2527B005E5A8D /* QuartzCore.framework in Frameworks */ = {isa = PBXBuildFile; fileRef = 770D101E1FE2527B005E5A8D /* QuartzCore.framework */; };
		770D10211FE25280005E5A8D /* CoreText.framework in Frameworks */ = {isa = PBXBuildFile; fileRef = 770D10201FE25280005E5A8D /* CoreText.framework */; };
		770D10231FE25284005E5A8D /* SystemConfiguration.framework in Frameworks */ = {isa = PBXBuildFile; fileRef = 770D10221FE25284005E5A8D /* SystemConfiguration.framework */; };
		770D10251FE25288005E5A8D /* CoreTelephony.framework in Frameworks */ = {isa = PBXBuildFile; fileRef = 770D10241FE25288005E5A8D /* CoreTelephony.framework */; };
		770D10271FE2528D005E5A8D /* UIKit.framework in Frameworks */ = {isa = PBXBuildFile; fileRef = 770D10261FE2528D005E5A8D /* UIKit.framework */; };
		770D10291FE25291005E5A8D /* libsqlite3.tbd in Frameworks */ = {isa = PBXBuildFile; fileRef = 770D10281FE25291005E5A8D /* libsqlite3.tbd */; };
		770D102B1FE25298005E5A8D /* libicucore.tbd in Frameworks */ = {isa = PBXBuildFile; fileRef = 770D102A1FE25298005E5A8D /* libicucore.tbd */; };
		770D102D1FE2529D005E5A8D /* libz.tbd in Frameworks */ = {isa = PBXBuildFile; fileRef = 770D102C1FE2529D005E5A8D /* libz.tbd */; };
		770D102F1FE252A1005E5A8D /* Security.framework in Frameworks */ = {isa = PBXBuildFile; fileRef = 770D102E1FE252A1005E5A8D /* Security.framework */; };
		770D10311FE252A6005E5A8D /* QuickLook.framework in Frameworks */ = {isa = PBXBuildFile; fileRef = 770D10301FE252A6005E5A8D /* QuickLook.framework */; };
		770D10331FE252AB005E5A8D /* CoreLocation.framework in Frameworks */ = {isa = PBXBuildFile; fileRef = 770D10321FE252AB005E5A8D /* CoreLocation.framework */; };
		770D10351FE252B0005E5A8D /* MobileCoreServices.framework in Frameworks */ = {isa = PBXBuildFile; fileRef = 770D10341FE252B0005E5A8D /* MobileCoreServices.framework */; };
		770D10371FE252B4005E5A8D /* CoreSpotlight.framework in Frameworks */ = {isa = PBXBuildFile; fileRef = 770D10361FE252B4005E5A8D /* CoreSpotlight.framework */; };
		770D10391FE252BA005E5A8D /* Photos.framework in Frameworks */ = {isa = PBXBuildFile; fileRef = 770D10381FE252BA005E5A8D /* Photos.framework */; };
		770D103B1FE252BF005E5A8D /* WebKit.framework in Frameworks */ = {isa = PBXBuildFile; fileRef = 770D103A1FE252BF005E5A8D /* WebKit.framework */; };
		A6DA90A4831F83DD4D7B05AB /* Pods_HSSwiftDemo.framework in Frameworks */ = {isa = PBXBuildFile; fileRef = 400F6B99D442330915F160BC /* Pods_HSSwiftDemo.framework */; };
/* End PBXBuildFile section */

/* Begin PBXFileReference section */
		400F6B99D442330915F160BC /* Pods_HSSwiftDemo.framework */ = {isa = PBXFileReference; explicitFileType = wrapper.framework; includeInIndex = 0; path = Pods_HSSwiftDemo.framework; sourceTree = BUILT_PRODUCTS_DIR; };
		770D0FB51FE250D4005E5A8D /* HSSwiftDemo.app */ = {isa = PBXFileReference; explicitFileType = wrapper.application; includeInIndex = 0; path = HSSwiftDemo.app; sourceTree = BUILT_PRODUCTS_DIR; };
		770D0FB81FE250D4005E5A8D /* AppDelegate.swift */ = {isa = PBXFileReference; lastKnownFileType = sourcecode.swift; path = AppDelegate.swift; sourceTree = "<group>"; };
		770D0FBA1FE250D4005E5A8D /* ViewController.swift */ = {isa = PBXFileReference; lastKnownFileType = sourcecode.swift; path = ViewController.swift; sourceTree = "<group>"; };
		770D0FBD1FE250D4005E5A8D /* Base */ = {isa = PBXFileReference; lastKnownFileType = file.storyboard; name = Base; path = Base.lproj/Main.storyboard; sourceTree = "<group>"; };
		770D0FC01FE250D4005E5A8D /* HSSwiftDemo.xcdatamodel */ = {isa = PBXFileReference; lastKnownFileType = wrapper.xcdatamodel; path = HSSwiftDemo.xcdatamodel; sourceTree = "<group>"; };
		770D0FC21FE250D4005E5A8D /* Assets.xcassets */ = {isa = PBXFileReference; lastKnownFileType = folder.assetcatalog; path = Assets.xcassets; sourceTree = "<group>"; };
		770D0FC51FE250D4005E5A8D /* Base */ = {isa = PBXFileReference; lastKnownFileType = file.storyboard; name = Base; path = Base.lproj/LaunchScreen.storyboard; sourceTree = "<group>"; };
		770D0FC71FE250D4005E5A8D /* Info.plist */ = {isa = PBXFileReference; lastKnownFileType = text.plist.xml; path = Info.plist; sourceTree = "<group>"; };
		770D101C1FE25275005E5A8D /* CoreGraphics.framework */ = {isa = PBXFileReference; lastKnownFileType = wrapper.framework; name = CoreGraphics.framework; path = System/Library/Frameworks/CoreGraphics.framework; sourceTree = SDKROOT; };
		770D101E1FE2527B005E5A8D /* QuartzCore.framework */ = {isa = PBXFileReference; lastKnownFileType = wrapper.framework; name = QuartzCore.framework; path = System/Library/Frameworks/QuartzCore.framework; sourceTree = SDKROOT; };
		770D10201FE25280005E5A8D /* CoreText.framework */ = {isa = PBXFileReference; lastKnownFileType = wrapper.framework; name = CoreText.framework; path = System/Library/Frameworks/CoreText.framework; sourceTree = SDKROOT; };
		770D10221FE25284005E5A8D /* SystemConfiguration.framework */ = {isa = PBXFileReference; lastKnownFileType = wrapper.framework; name = SystemConfiguration.framework; path = System/Library/Frameworks/SystemConfiguration.framework; sourceTree = SDKROOT; };
		770D10241FE25288005E5A8D /* CoreTelephony.framework */ = {isa = PBXFileReference; lastKnownFileType = wrapper.framework; name = CoreTelephony.framework; path = System/Library/Frameworks/CoreTelephony.framework; sourceTree = SDKROOT; };
		770D10261FE2528D005E5A8D /* UIKit.framework */ = {isa = PBXFileReference; lastKnownFileType = wrapper.framework; name = UIKit.framework; path = System/Library/Frameworks/UIKit.framework; sourceTree = SDKROOT; };
		770D10281FE25291005E5A8D /* libsqlite3.tbd */ = {isa = PBXFileReference; lastKnownFileType = "sourcecode.text-based-dylib-definition"; name = libsqlite3.tbd; path = usr/lib/libsqlite3.tbd; sourceTree = SDKROOT; };
		770D102A1FE25298005E5A8D /* libicucore.tbd */ = {isa = PBXFileReference; lastKnownFileType = "sourcecode.text-based-dylib-definition"; name = libicucore.tbd; path = usr/lib/libicucore.tbd; sourceTree = SDKROOT; };
		770D102C1FE2529D005E5A8D /* libz.tbd */ = {isa = PBXFileReference; lastKnownFileType = "sourcecode.text-based-dylib-definition"; name = libz.tbd; path = usr/lib/libz.tbd; sourceTree = SDKROOT; };
		770D102E1FE252A1005E5A8D /* Security.framework */ = {isa = PBXFileReference; lastKnownFileType = wrapper.framework; name = Security.framework; path = System/Library/Frameworks/Security.framework; sourceTree = SDKROOT; };
		770D10301FE252A6005E5A8D /* QuickLook.framework */ = {isa = PBXFileReference; lastKnownFileType = wrapper.framework; name = QuickLook.framework; path = System/Library/Frameworks/QuickLook.framework; sourceTree = SDKROOT; };
		770D10321FE252AB005E5A8D /* CoreLocation.framework */ = {isa = PBXFileReference; lastKnownFileType = wrapper.framework; name = CoreLocation.framework; path = System/Library/Frameworks/CoreLocation.framework; sourceTree = SDKROOT; };
		770D10341FE252B0005E5A8D /* MobileCoreServices.framework */ = {isa = PBXFileReference; lastKnownFileType = wrapper.framework; name = MobileCoreServices.framework; path = System/Library/Frameworks/MobileCoreServices.framework; sourceTree = SDKROOT; };
		770D10361FE252B4005E5A8D /* CoreSpotlight.framework */ = {isa = PBXFileReference; lastKnownFileType = wrapper.framework; name = CoreSpotlight.framework; path = System/Library/Frameworks/CoreSpotlight.framework; sourceTree = SDKROOT; };
		770D10381FE252BA005E5A8D /* Photos.framework */ = {isa = PBXFileReference; lastKnownFileType = wrapper.framework; name = Photos.framework; path = System/Library/Frameworks/Photos.framework; sourceTree = SDKROOT; };
		770D103A1FE252BF005E5A8D /* WebKit.framework */ = {isa = PBXFileReference; lastKnownFileType = wrapper.framework; name = WebKit.framework; path = System/Library/Frameworks/WebKit.framework; sourceTree = SDKROOT; };
		770D103C1FE2530E005E5A8D /* ObjC-Bridge.h */ = {isa = PBXFileReference; fileEncoding = 4; lastKnownFileType = sourcecode.c.h; path = "ObjC-Bridge.h"; sourceTree = "<group>"; };
		9551B03D6A490A55AF0D2887 /* Pods-HSSwiftDemo.debug.xcconfig */ = {isa = PBXFileReference; includeInIndex = 1; lastKnownFileType = text.xcconfig; name = "Pods-HSSwiftDemo.debug.xcconfig"; path = "Pods/Target Support Files/Pods-HSSwiftDemo/Pods-HSSwiftDemo.debug.xcconfig"; sourceTree = "<group>"; };
		E48B79CD976747FB6344A054 /* Pods-HSSwiftDemo.release.xcconfig */ = {isa = PBXFileReference; includeInIndex = 1; lastKnownFileType = text.xcconfig; name = "Pods-HSSwiftDemo.release.xcconfig"; path = "Pods/Target Support Files/Pods-HSSwiftDemo/Pods-HSSwiftDemo.release.xcconfig"; sourceTree = "<group>"; };
/* End PBXFileReference section */

/* Begin PBXFrameworksBuildPhase section */
		770D0FB21FE250D4005E5A8D /* Frameworks */ = {
			isa = PBXFrameworksBuildPhase;
			buildActionMask = 2147483647;
			files = (
				770D103B1FE252BF005E5A8D /* WebKit.framework in Frameworks */,
				770D10391FE252BA005E5A8D /* Photos.framework in Frameworks */,
				770D10371FE252B4005E5A8D /* CoreSpotlight.framework in Frameworks */,
				770D10351FE252B0005E5A8D /* MobileCoreServices.framework in Frameworks */,
				770D10331FE252AB005E5A8D /* CoreLocation.framework in Frameworks */,
				770D10311FE252A6005E5A8D /* QuickLook.framework in Frameworks */,
				770D102F1FE252A1005E5A8D /* Security.framework in Frameworks */,
				770D102D1FE2529D005E5A8D /* libz.tbd in Frameworks */,
				770D102B1FE25298005E5A8D /* libicucore.tbd in Frameworks */,
				770D10291FE25291005E5A8D /* libsqlite3.tbd in Frameworks */,
				770D10271FE2528D005E5A8D /* UIKit.framework in Frameworks */,
				770D10251FE25288005E5A8D /* CoreTelephony.framework in Frameworks */,
				770D10231FE25284005E5A8D /* SystemConfiguration.framework in Frameworks */,
				770D10211FE25280005E5A8D /* CoreText.framework in Frameworks */,
				770D101F1FE2527B005E5A8D /* QuartzCore.framework in Frameworks */,
				770D101D1FE25275005E5A8D /* CoreGraphics.framework in Frameworks */,
				A6DA90A4831F83DD4D7B05AB /* Pods_HSSwiftDemo.framework in Frameworks */,
			);
			runOnlyForDeploymentPostprocessing = 0;
		};
/* End PBXFrameworksBuildPhase section */

/* Begin PBXGroup section */
		12F5CD1607DAF7FF988445AE /* Pods */ = {
			isa = PBXGroup;
			children = (
				9551B03D6A490A55AF0D2887 /* Pods-HSSwiftDemo.debug.xcconfig */,
				E48B79CD976747FB6344A054 /* Pods-HSSwiftDemo.release.xcconfig */,
			);
			name = Pods;
			sourceTree = "<group>";
		};
		770D0FAC1FE250D4005E5A8D = {
			isa = PBXGroup;
			children = (
				770D103C1FE2530E005E5A8D /* ObjC-Bridge.h */,
				770D0FB71FE250D4005E5A8D /* HSSwiftDemo */,
				770D0FB61FE250D4005E5A8D /* Products */,
				770D101B1FE25275005E5A8D /* Frameworks */,
				12F5CD1607DAF7FF988445AE /* Pods */,
			);
			sourceTree = "<group>";
		};
		770D0FB61FE250D4005E5A8D /* Products */ = {
			isa = PBXGroup;
			children = (
				770D0FB51FE250D4005E5A8D /* HSSwiftDemo.app */,
			);
			name = Products;
			sourceTree = "<group>";
		};
		770D0FB71FE250D4005E5A8D /* HSSwiftDemo */ = {
			isa = PBXGroup;
			children = (
				770D0FB81FE250D4005E5A8D /* AppDelegate.swift */,
				770D0FBA1FE250D4005E5A8D /* ViewController.swift */,
				770D0FBC1FE250D4005E5A8D /* Main.storyboard */,
				770D0FC21FE250D4005E5A8D /* Assets.xcassets */,
				770D0FC41FE250D4005E5A8D /* LaunchScreen.storyboard */,
				770D0FC71FE250D4005E5A8D /* Info.plist */,
				770D0FBF1FE250D4005E5A8D /* HSSwiftDemo.xcdatamodeld */,
			);
			path = HSSwiftDemo;
			sourceTree = "<group>";
		};
		770D101B1FE25275005E5A8D /* Frameworks */ = {
			isa = PBXGroup;
			children = (
				770D103A1FE252BF005E5A8D /* WebKit.framework */,
				770D10381FE252BA005E5A8D /* Photos.framework */,
				770D10361FE252B4005E5A8D /* CoreSpotlight.framework */,
				770D10341FE252B0005E5A8D /* MobileCoreServices.framework */,
				770D10321FE252AB005E5A8D /* CoreLocation.framework */,
				770D10301FE252A6005E5A8D /* QuickLook.framework */,
				770D102E1FE252A1005E5A8D /* Security.framework */,
				770D102C1FE2529D005E5A8D /* libz.tbd */,
				770D102A1FE25298005E5A8D /* libicucore.tbd */,
				770D10281FE25291005E5A8D /* libsqlite3.tbd */,
				770D10261FE2528D005E5A8D /* UIKit.framework */,
				770D10241FE25288005E5A8D /* CoreTelephony.framework */,
				770D10221FE25284005E5A8D /* SystemConfiguration.framework */,
				770D10201FE25280005E5A8D /* CoreText.framework */,
				770D101E1FE2527B005E5A8D /* QuartzCore.framework */,
				770D101C1FE25275005E5A8D /* CoreGraphics.framework */,
				400F6B99D442330915F160BC /* Pods_HSSwiftDemo.framework */,
			);
			name = Frameworks;
			sourceTree = "<group>";
		};
/* End PBXGroup section */

/* Begin PBXNativeTarget section */
		770D0FB41FE250D4005E5A8D /* HSSwiftDemo */ = {
			isa = PBXNativeTarget;
			buildConfigurationList = 770D0FCA1FE250D4005E5A8D /* Build configuration list for PBXNativeTarget "HSSwiftDemo" */;
			buildPhases = (
				B4D6CA06E1FDD6011EF750FE /* [CP] Check Pods Manifest.lock */,
				770D0FB11FE250D4005E5A8D /* Sources */,
				770D0FB21FE250D4005E5A8D /* Frameworks */,
				770D0FB31FE250D4005E5A8D /* Resources */,
				AF6A3679A034D8BA0D09E578 /* [CP] Copy Pods Resources */,
			);
			buildRules = (
			);
			dependencies = (
			);
			name = HSSwiftDemo;
			productName = HSSwiftDemo;
			productReference = 770D0FB51FE250D4005E5A8D /* HSSwiftDemo.app */;
			productType = "com.apple.product-type.application";
		};
/* End PBXNativeTarget section */

/* Begin PBXProject section */
		770D0FAD1FE250D4005E5A8D /* Project object */ = {
			isa = PBXProject;
			attributes = {
				LastSwiftUpdateCheck = 0830;
				LastUpgradeCheck = 1030;
				ORGANIZATIONNAME = "Gayatri Panganti";
				TargetAttributes = {
					770D0FB41FE250D4005E5A8D = {
						CreatedOnToolsVersion = 8.3.3;
						DevelopmentTeam = 75WN78RS4G;
						ProvisioningStyle = Automatic;
					};
				};
			};
			buildConfigurationList = 770D0FB01FE250D4005E5A8D /* Build configuration list for PBXProject "HSSwiftDemo" */;
			compatibilityVersion = "Xcode 3.2";
			developmentRegion = English;
			hasScannedForEncodings = 0;
			knownRegions = (
				English,
				en,
				Base,
				ar,
				bg,
				bn,
				ca,
				cs,
				da,
				de,
				el,
				es,
				fa,
				fi,
				fr,
				gu,
				he,
				hi,
				hr,
				hu,
				id,
				it,
				ja,
				kn,
				ko,
				lv,
				ml,
				mr,
				ms,
				"nb-NO",
				nb,
				nl,
				pa,
				pl,
				pt,
				ro,
				ru,
				sk,
				sl,
				sv,
				ta,
				te,
				th,
				tr,
				uk,
				vi,
				"zh-Hans-SG",
				"zh-Hans",
				"zh-Hant-HK",
				"zh-Hant",
				"zh-Hk",
				"zh-Sg",
			);
			mainGroup = 770D0FAC1FE250D4005E5A8D;
			productRefGroup = 770D0FB61FE250D4005E5A8D /* Products */;
			projectDirPath = "";
			projectRoot = "";
			targets = (
				770D0FB41FE250D4005E5A8D /* HSSwiftDemo */,
			);
		};
/* End PBXProject section */

/* Begin PBXResourcesBuildPhase section */
		770D0FB31FE250D4005E5A8D /* Resources */ = {
			isa = PBXResourcesBuildPhase;
			buildActionMask = 2147483647;
			files = (
				770D0FC61FE250D4005E5A8D /* LaunchScreen.storyboard in Resources */,
				770D0FC31FE250D4005E5A8D /* Assets.xcassets in Resources */,
				770D0FBE1FE250D4005E5A8D /* Main.storyboard in Resources */,
			);
			runOnlyForDeploymentPostprocessing = 0;
		};
/* End PBXResourcesBuildPhase section */

/* Begin PBXShellScriptBuildPhase section */
		AF6A3679A034D8BA0D09E578 /* [CP] Copy Pods Resources */ = {
			isa = PBXShellScriptBuildPhase;
			buildActionMask = 2147483647;
			files = (
			);
			inputFileListPaths = (
			);
			inputPaths = (
				"${PODS_ROOT}/Target Support Files/Pods-HSSwiftDemo/Pods-HSSwiftDemo-resources.sh",
				"${PODS_ROOT}/Helpshift/helpshift-sdk-ios-v7.6.0/HsUIResources.bundle",
				"${PODS_ROOT}/Helpshift/helpshift-sdk-ios-v7.6.0/HsLocalization.bundle",
				"${PODS_ROOT}/Helpshift/helpshift-sdk-ios-v7.6.0/HSThemes/HelpshiftConfig.plist",
				"${PODS_ROOT}/Helpshift/helpshift-sdk-ios-v7.6.0/HSThemes/HelpshiftConfigDark.plist",
				"${PODS_ROOT}/Helpshift/helpshift-sdk-ios-v7.6.0/HSThemes/HelpshiftConfigHighContrast.plist",
			);
			name = "[CP] Copy Pods Resources";
			outputFileListPaths = (
			);
			outputPaths = (
				"${TARGET_BUILD_DIR}/${UNLOCALIZED_RESOURCES_FOLDER_PATH}/HsUIResources.bundle",
				"${TARGET_BUILD_DIR}/${UNLOCALIZED_RESOURCES_FOLDER_PATH}/HsLocalization.bundle",
				"${TARGET_BUILD_DIR}/${UNLOCALIZED_RESOURCES_FOLDER_PATH}/HelpshiftConfig.plist",
				"${TARGET_BUILD_DIR}/${UNLOCALIZED_RESOURCES_FOLDER_PATH}/HelpshiftConfigDark.plist",
				"${TARGET_BUILD_DIR}/${UNLOCALIZED_RESOURCES_FOLDER_PATH}/HelpshiftConfigHighContrast.plist",
			);
			runOnlyForDeploymentPostprocessing = 0;
			shellPath = /bin/sh;
			shellScript = "\"${PODS_ROOT}/Target Support Files/Pods-HSSwiftDemo/Pods-HSSwiftDemo-resources.sh\"\n";
			showEnvVarsInLog = 0;
		};
		B4D6CA06E1FDD6011EF750FE /* [CP] Check Pods Manifest.lock */ = {
			isa = PBXShellScriptBuildPhase;
			buildActionMask = 2147483647;
			files = (
			);
			inputFileListPaths = (
			);
			inputPaths = (
				"${PODS_PODFILE_DIR_PATH}/Podfile.lock",
				"${PODS_ROOT}/Manifest.lock",
			);
			name = "[CP] Check Pods Manifest.lock";
			outputFileListPaths = (
			);
			outputPaths = (
				"$(DERIVED_FILE_DIR)/Pods-HSSwiftDemo-checkManifestLockResult.txt",
			);
			runOnlyForDeploymentPostprocessing = 0;
			shellPath = /bin/sh;
			shellScript = "diff \"${PODS_PODFILE_DIR_PATH}/Podfile.lock\" \"${PODS_ROOT}/Manifest.lock\" > /dev/null\nif [ $? != 0 ] ; then\n    # print error to STDERR\n    echo \"error: The sandbox is not in sync with the Podfile.lock. Run 'pod install' or update your CocoaPods installation.\" >&2\n    exit 1\nfi\n# This output is used by Xcode 'outputs' to avoid re-running this script phase.\necho \"SUCCESS\" > \"${SCRIPT_OUTPUT_FILE_0}\"\n";
			showEnvVarsInLog = 0;
		};
/* End PBXShellScriptBuildPhase section */

/* Begin PBXSourcesBuildPhase section */
		770D0FB11FE250D4005E5A8D /* Sources */ = {
			isa = PBXSourcesBuildPhase;
			buildActionMask = 2147483647;
			files = (
				770D0FBB1FE250D4005E5A8D /* ViewController.swift in Sources */,
				770D0FB91FE250D4005E5A8D /* AppDelegate.swift in Sources */,
				770D0FC11FE250D4005E5A8D /* HSSwiftDemo.xcdatamodeld in Sources */,
			);
			runOnlyForDeploymentPostprocessing = 0;
		};
/* End PBXSourcesBuildPhase section */

/* Begin PBXVariantGroup section */
		770D0FBC1FE250D4005E5A8D /* Main.storyboard */ = {
			isa = PBXVariantGroup;
			children = (
				770D0FBD1FE250D4005E5A8D /* Base */,
			);
			name = Main.storyboard;
			sourceTree = "<group>";
		};
		770D0FC41FE250D4005E5A8D /* LaunchScreen.storyboard */ = {
			isa = PBXVariantGroup;
			children = (
				770D0FC51FE250D4005E5A8D /* Base */,
			);
			name = LaunchScreen.storyboard;
			sourceTree = "<group>";
		};
/* End PBXVariantGroup section */

/* Begin XCBuildConfiguration section */
		770D0FC81FE250D4005E5A8D /* Debug */ = {
			isa = XCBuildConfiguration;
			buildSettings = {
				ALWAYS_SEARCH_USER_PATHS = NO;
				CLANG_ANALYZER_LOCALIZABILITY_NONLOCALIZED = YES;
				CLANG_ANALYZER_NONNULL = YES;
				CLANG_ANALYZER_NUMBER_OBJECT_CONVERSION = YES_AGGRESSIVE;
				CLANG_CXX_LANGUAGE_STANDARD = "gnu++0x";
				CLANG_CXX_LIBRARY = "libc++";
				CLANG_ENABLE_MODULES = YES;
				CLANG_ENABLE_OBJC_ARC = YES;
				CLANG_WARN_BLOCK_CAPTURE_AUTORELEASING = YES;
				CLANG_WARN_BOOL_CONVERSION = YES;
				CLANG_WARN_COMMA = YES;
				CLANG_WARN_CONSTANT_CONVERSION = YES;
				CLANG_WARN_DEPRECATED_OBJC_IMPLEMENTATIONS = YES;
				CLANG_WARN_DIRECT_OBJC_ISA_USAGE = YES_ERROR;
				CLANG_WARN_DOCUMENTATION_COMMENTS = YES;
				CLANG_WARN_EMPTY_BODY = YES;
				CLANG_WARN_ENUM_CONVERSION = YES;
				CLANG_WARN_INFINITE_RECURSION = YES;
				CLANG_WARN_INT_CONVERSION = YES;
				CLANG_WARN_NON_LITERAL_NULL_CONVERSION = YES;
				CLANG_WARN_OBJC_IMPLICIT_RETAIN_SELF = YES;
				CLANG_WARN_OBJC_LITERAL_CONVERSION = YES;
				CLANG_WARN_OBJC_ROOT_CLASS = YES_ERROR;
				CLANG_WARN_RANGE_LOOP_ANALYSIS = YES;
				CLANG_WARN_STRICT_PROTOTYPES = YES;
				CLANG_WARN_SUSPICIOUS_MOVE = YES;
				CLANG_WARN_UNREACHABLE_CODE = YES;
				CLANG_WARN__DUPLICATE_METHOD_MATCH = YES;
				"CODE_SIGN_IDENTITY[sdk=iphoneos*]" = "iPhone Developer";
				COPY_PHASE_STRIP = NO;
				DEBUG_INFORMATION_FORMAT = dwarf;
				ENABLE_STRICT_OBJC_MSGSEND = YES;
				ENABLE_TESTABILITY = YES;
				GCC_C_LANGUAGE_STANDARD = gnu99;
				GCC_DYNAMIC_NO_PIC = NO;
				GCC_NO_COMMON_BLOCKS = YES;
				GCC_OPTIMIZATION_LEVEL = 0;
				GCC_PREPROCESSOR_DEFINITIONS = (
					"DEBUG=1",
					"$(inherited)",
				);
				GCC_WARN_64_TO_32_BIT_CONVERSION = YES;
				GCC_WARN_ABOUT_RETURN_TYPE = YES_ERROR;
				GCC_WARN_UNDECLARED_SELECTOR = YES;
				GCC_WARN_UNINITIALIZED_AUTOS = YES_AGGRESSIVE;
				GCC_WARN_UNUSED_FUNCTION = YES;
				GCC_WARN_UNUSED_VARIABLE = YES;
				IPHONEOS_DEPLOYMENT_TARGET = 10.3;
				MTL_ENABLE_DEBUG_INFO = YES;
				ONLY_ACTIVE_ARCH = YES;
				SDKROOT = iphoneos;
				SWIFT_ACTIVE_COMPILATION_CONDITIONS = DEBUG;
				SWIFT_OPTIMIZATION_LEVEL = "-Onone";
				TARGETED_DEVICE_FAMILY = "1,2";
			};
			name = Debug;
		};
		770D0FC91FE250D4005E5A8D /* Release */ = {
			isa = XCBuildConfiguration;
			buildSettings = {
				ALWAYS_SEARCH_USER_PATHS = NO;
				CLANG_ANALYZER_LOCALIZABILITY_NONLOCALIZED = YES;
				CLANG_ANALYZER_NONNULL = YES;
				CLANG_ANALYZER_NUMBER_OBJECT_CONVERSION = YES_AGGRESSIVE;
				CLANG_CXX_LANGUAGE_STANDARD = "gnu++0x";
				CLANG_CXX_LIBRARY = "libc++";
				CLANG_ENABLE_MODULES = YES;
				CLANG_ENABLE_OBJC_ARC = YES;
				CLANG_WARN_BLOCK_CAPTURE_AUTORELEASING = YES;
				CLANG_WARN_BOOL_CONVERSION = YES;
				CLANG_WARN_COMMA = YES;
				CLANG_WARN_CONSTANT_CONVERSION = YES;
				CLANG_WARN_DEPRECATED_OBJC_IMPLEMENTATIONS = YES;
				CLANG_WARN_DIRECT_OBJC_ISA_USAGE = YES_ERROR;
				CLANG_WARN_DOCUMENTATION_COMMENTS = YES;
				CLANG_WARN_EMPTY_BODY = YES;
				CLANG_WARN_ENUM_CONVERSION = YES;
				CLANG_WARN_INFINITE_RECURSION = YES;
				CLANG_WARN_INT_CONVERSION = YES;
				CLANG_WARN_NON_LITERAL_NULL_CONVERSION = YES;
				CLANG_WARN_OBJC_IMPLICIT_RETAIN_SELF = YES;
				CLANG_WARN_OBJC_LITERAL_CONVERSION = YES;
				CLANG_WARN_OBJC_ROOT_CLASS = YES_ERROR;
				CLANG_WARN_RANGE_LOOP_ANALYSIS = YES;
				CLANG_WARN_STRICT_PROTOTYPES = YES;
				CLANG_WARN_SUSPICIOUS_MOVE = YES;
				CLANG_WARN_UNREACHABLE_CODE = YES;
				CLANG_WARN__DUPLICATE_METHOD_MATCH = YES;
				"CODE_SIGN_IDENTITY[sdk=iphoneos*]" = "iPhone Developer";
				COPY_PHASE_STRIP = NO;
				DEBUG_INFORMATION_FORMAT = "dwarf-with-dsym";
				ENABLE_NS_ASSERTIONS = NO;
				ENABLE_STRICT_OBJC_MSGSEND = YES;
				GCC_C_LANGUAGE_STANDARD = gnu99;
				GCC_NO_COMMON_BLOCKS = YES;
				GCC_WARN_64_TO_32_BIT_CONVERSION = YES;
				GCC_WARN_ABOUT_RETURN_TYPE = YES_ERROR;
				GCC_WARN_UNDECLARED_SELECTOR = YES;
				GCC_WARN_UNINITIALIZED_AUTOS = YES_AGGRESSIVE;
				GCC_WARN_UNUSED_FUNCTION = YES;
				GCC_WARN_UNUSED_VARIABLE = YES;
				IPHONEOS_DEPLOYMENT_TARGET = 10.3;
				MTL_ENABLE_DEBUG_INFO = NO;
				SDKROOT = iphoneos;
				SWIFT_OPTIMIZATION_LEVEL = "-Owholemodule";
				TARGETED_DEVICE_FAMILY = "1,2";
				VALIDATE_PRODUCT = YES;
			};
			name = Release;
		};
		770D0FCB1FE250D4005E5A8D /* Debug */ = {
			isa = XCBuildConfiguration;
			baseConfigurationReference = 9551B03D6A490A55AF0D2887 /* Pods-HSSwiftDemo.debug.xcconfig */;
			buildSettings = {
				ASSETCATALOG_COMPILER_APPICON_NAME = AppIcon;
				DEVELOPMENT_TEAM = 75WN78RS4G;
				ENABLE_BITCODE = NO;
				INFOPLIST_FILE = HSSwiftDemo/Info.plist;
				IPHONEOS_DEPLOYMENT_TARGET = 10.0;
				LD_RUNPATH_SEARCH_PATHS = "$(inherited) @executable_path/Frameworks";
				LIBRARY_SEARCH_PATHS = "$(inherited)";
				OTHER_LDFLAGS = (
					"$(inherited)",
					"-ObjC",
				);
				PRODUCT_BUNDLE_IDENTIFIER = com.companyName.productName;
				PRODUCT_NAME = "$(TARGET_NAME)";
				SWIFT_OBJC_BRIDGING_HEADER = "ObjC-Bridge.h";
				SWIFT_VERSION = 4.2;
			};
			name = Debug;
		};
		770D0FCC1FE250D4005E5A8D /* Release */ = {
			isa = XCBuildConfiguration;
			baseConfigurationReference = E48B79CD976747FB6344A054 /* Pods-HSSwiftDemo.release.xcconfig */;
			buildSettings = {
				ASSETCATALOG_COMPILER_APPICON_NAME = AppIcon;
				DEVELOPMENT_TEAM = 75WN78RS4G;
				ENABLE_BITCODE = NO;
				INFOPLIST_FILE = HSSwiftDemo/Info.plist;
				IPHONEOS_DEPLOYMENT_TARGET = 10.0;
				LD_RUNPATH_SEARCH_PATHS = "$(inherited) @executable_path/Frameworks";
				LIBRARY_SEARCH_PATHS = "$(inherited)";
				OTHER_LDFLAGS = (
					"$(inherited)",
					"-ObjC",
				);
				PRODUCT_BUNDLE_IDENTIFIER = com.companyName.productName;
				PRODUCT_NAME = "$(TARGET_NAME)";
				SWIFT_OBJC_BRIDGING_HEADER = "ObjC-Bridge.h";
				SWIFT_VERSION = 4.2;
			};
			name = Release;
		};
/* End XCBuildConfiguration section */

/* Begin XCConfigurationList section */
		770D0FB01FE250D4005E5A8D /* Build configuration list for PBXProject "HSSwiftDemo" */ = {
			isa = XCConfigurationList;
			buildConfigurations = (
				770D0FC81FE250D4005E5A8D /* Debug */,
				770D0FC91FE250D4005E5A8D /* Release */,
			);
			defaultConfigurationIsVisible = 0;
			defaultConfigurationName = Release;
		};
		770D0FCA1FE250D4005E5A8D /* Build configuration list for PBXNativeTarget "HSSwiftDemo" */ = {
			isa = XCConfigurationList;
			buildConfigurations = (
				770D0FCB1FE250D4005E5A8D /* Debug */,
				770D0FCC1FE250D4005E5A8D /* Release */,
			);
			defaultConfigurationIsVisible = 0;
			defaultConfigurationName = Release;
		};
/* End XCConfigurationList section */

/* Begin XCVersionGroup section */
		770D0FBF1FE250D4005E5A8D /* HSSwiftDemo.xcdatamodeld */ = {
			isa = XCVersionGroup;
			children = (
				770D0FC01FE250D4005E5A8D /* HSSwiftDemo.xcdatamodel */,
			);
			currentVersion = 770D0FC01FE250D4005E5A8D /* HSSwiftDemo.xcdatamodel */;
			path = HSSwiftDemo.xcdatamodeld;
			sourceTree = "<group>";
			versionGroupType = wrapper.xcdatamodel;
		};
/* End XCVersionGroup section */
	};
	rootObject = 770D0FAD1FE250D4005E5A8D /* Project object */;
}
