// !$*UTF8*$!
{
	archiveVersion = 1;
	classes = {
	};
	objectVersion = 46;
	objects = {

/* Begin PBXBuildFile section */
		6A327D0B1DA365DB00102770 /* main.m in Sources */ = {isa = PBXBuildFile; fileRef = 6A327D0A1DA365DB00102770 /* main.m */; };
		6A327D0E1DA365DB00102770 /* AppDelegate.m in Sources */ = {isa = PBXBuildFile; fileRef = 6A327D0D1DA365DB00102770 /* AppDelegate.m */; };
		6A327D111DA365DB00102770 /* ViewController.m in Sources */ = {isa = PBXBuildFile; fileRef = 6A327D101DA365DB00102770 /* ViewController.m */; };
		6A327D141DA365DB00102770 /* Main.storyboard in Resources */ = {isa = PBXBuildFile; fileRef = 6A327D121DA365DB00102770 /* Main.storyboard */; };
		6A327D161DA365DB00102770 /* Assets.xcassets in Resources */ = {isa = PBXBuildFile; fileRef = 6A327D151DA365DB00102770 /* Assets.xcassets */; };
		6A327D191DA365DB00102770 /* LaunchScreen.storyboard in Resources */ = {isa = PBXBuildFile; fileRef = 6A327D171DA365DB00102770 /* LaunchScreen.storyboard */; };
		6A327D221DA365F600102770 /* CoreGraphics.framework in Frameworks */ = {isa = PBXBuildFile; fileRef = 6A327D211DA365F600102770 /* CoreGraphics.framework */; };
		6A327D241DA365FB00102770 /* QuartzCore.framework in Frameworks */ = {isa = PBXBuildFile; fileRef = 6A327D231DA365FB00102770 /* QuartzCore.framework */; };
		6A327D261DA3660300102770 /* CoreText.framework in Frameworks */ = {isa = PBXBuildFile; fileRef = 6A327D251DA3660300102770 /* CoreText.framework */; };
		6A327D281DA3660800102770 /* SystemConfiguration.framework in Frameworks */ = {isa = PBXBuildFile; fileRef = 6A327D271DA3660800102770 /* SystemConfiguration.framework */; };
		6A327D2A1DA3660F00102770 /* CoreTelephony.framework in Frameworks */ = {isa = PBXBuildFile; fileRef = 6A327D291DA3660F00102770 /* CoreTelephony.framework */; };
		6A327D2C1DA3661300102770 /* UIKit.framework in Frameworks */ = {isa = PBXBuildFile; fileRef = 6A327D2B1DA3661300102770 /* UIKit.framework */; };
		6A327D2E1DA3661900102770 /* libsqlite3.tbd in Frameworks */ = {isa = PBXBuildFile; fileRef = 6A327D2D1DA3661900102770 /* libsqlite3.tbd */; };
		6A327D301DA3661E00102770 /* libz.tbd in Frameworks */ = {isa = PBXBuildFile; fileRef = 6A327D2F1DA3661E00102770 /* libz.tbd */; };
		6A327D321DA3662500102770 /* Security.framework in Frameworks */ = {isa = PBXBuildFile; fileRef = 6A327D311DA3662500102770 /* Security.framework */; };
		6A327D341DA3662A00102770 /* QuickLook.framework in Frameworks */ = {isa = PBXBuildFile; fileRef = 6A327D331DA3662A00102770 /* QuickLook.framework */; };
		6A327D361DA3662F00102770 /* CoreLocation.framework in Frameworks */ = {isa = PBXBuildFile; fileRef = 6A327D351DA3662F00102770 /* CoreLocation.framework */; };
		6A327D381DA3663600102770 /* MobileCoreServices.framework in Frameworks */ = {isa = PBXBuildFile; fileRef = 6A327D371DA3663600102770 /* MobileCoreServices.framework */; };
		6A327D3A1DA3663B00102770 /* CoreSpotlight.framework in Frameworks */ = {isa = PBXBuildFile; fileRef = 6A327D391DA3663B00102770 /* CoreSpotlight.framework */; };
		6A7F20EA1E9220D200721A5E /* HelpshiftLocalizable.strings in Resources */ = {isa = PBXBuildFile; fileRef = 6A7F20AC1E9220D200721A5E /* HelpshiftLocalizable.strings */; };
		6A7F20EB1E9220D200721A5E /* HsLocalization.bundle in Resources */ = {isa = PBXBuildFile; fileRef = 6A7F20E11E9220D200721A5E /* HsLocalization.bundle */; };
		6A7F20EC1E9220D200721A5E /* HelpshiftConfig.plist in Resources */ = {isa = PBXBuildFile; fileRef = 6A7F20E31E9220D200721A5E /* HelpshiftConfig.plist */; };
		6A7F20ED1E9220D200721A5E /* HelpshiftConfigDark.plist in Resources */ = {isa = PBXBuildFile; fileRef = 6A7F20E41E9220D200721A5E /* HelpshiftConfigDark.plist */; };
		6A7F20EE1E9220D200721A5E /* HsUIResourceBundle.bundle in Resources */ = {isa = PBXBuildFile; fileRef = 6A7F20E51E9220D200721A5E /* HsUIResourceBundle.bundle */; };
		6A7F20F11E9220D200721A5E /* libHelpshift.a in Frameworks */ = {isa = PBXBuildFile; fileRef = 6A7F20E81E9220D200721A5E /* libHelpshift.a */; };
		6A7F20F41E9220EF00721A5E /* WebKit.framework in Frameworks */ = {isa = PBXBuildFile; fileRef = 6A7F20F31E9220EF00721A5E /* WebKit.framework */; };
		6A7F20F61E9220F500721A5E /* Photos.framework in Frameworks */ = {isa = PBXBuildFile; fileRef = 6A7F20F51E9220F500721A5E /* Photos.framework */; };
/* End PBXBuildFile section */

/* Begin PBXFileReference section */
		6A1B25FA1DA36B6E005AD0FF /* APNApp.entitlements */ = {isa = PBXFileReference; lastKnownFileType = text.plist.entitlements; path = APNApp.entitlements; sourceTree = "<group>"; };
		6A327D061DA365DB00102770 /* APNApp.app */ = {isa = PBXFileReference; explicitFileType = wrapper.application; includeInIndex = 0; path = APNApp.app; sourceTree = BUILT_PRODUCTS_DIR; };
		6A327D0A1DA365DB00102770 /* main.m */ = {isa = PBXFileReference; lastKnownFileType = sourcecode.c.objc; path = main.m; sourceTree = "<group>"; };
		6A327D0C1DA365DB00102770 /* AppDelegate.h */ = {isa = PBXFileReference; lastKnownFileType = sourcecode.c.h; path = AppDelegate.h; sourceTree = "<group>"; };
		6A327D0D1DA365DB00102770 /* AppDelegate.m */ = {isa = PBXFileReference; lastKnownFileType = sourcecode.c.objc; path = AppDelegate.m; sourceTree = "<group>"; };
		6A327D0F1DA365DB00102770 /* ViewController.h */ = {isa = PBXFileReference; lastKnownFileType = sourcecode.c.h; path = ViewController.h; sourceTree = "<group>"; };
		6A327D101DA365DB00102770 /* ViewController.m */ = {isa = PBXFileReference; lastKnownFileType = sourcecode.c.objc; path = ViewController.m; sourceTree = "<group>"; };
		6A327D131DA365DB00102770 /* Base */ = {isa = PBXFileReference; lastKnownFileType = file.storyboard; name = Base; path = Base.lproj/Main.storyboard; sourceTree = "<group>"; };
		6A327D151DA365DB00102770 /* Assets.xcassets */ = {isa = PBXFileReference; lastKnownFileType = folder.assetcatalog; path = Assets.xcassets; sourceTree = "<group>"; };
		6A327D181DA365DB00102770 /* Base */ = {isa = PBXFileReference; lastKnownFileType = file.storyboard; name = Base; path = Base.lproj/LaunchScreen.storyboard; sourceTree = "<group>"; };
		6A327D1A1DA365DB00102770 /* Info.plist */ = {isa = PBXFileReference; lastKnownFileType = text.plist.xml; path = Info.plist; sourceTree = "<group>"; };
		6A327D211DA365F600102770 /* CoreGraphics.framework */ = {isa = PBXFileReference; lastKnownFileType = wrapper.framework; name = CoreGraphics.framework; path = System/Library/Frameworks/CoreGraphics.framework; sourceTree = SDKROOT; };
		6A327D231DA365FB00102770 /* QuartzCore.framework */ = {isa = PBXFileReference; lastKnownFileType = wrapper.framework; name = QuartzCore.framework; path = System/Library/Frameworks/QuartzCore.framework; sourceTree = SDKROOT; };
		6A327D251DA3660300102770 /* CoreText.framework */ = {isa = PBXFileReference; lastKnownFileType = wrapper.framework; name = CoreText.framework; path = System/Library/Frameworks/CoreText.framework; sourceTree = SDKROOT; };
		6A327D271DA3660800102770 /* SystemConfiguration.framework */ = {isa = PBXFileReference; lastKnownFileType = wrapper.framework; name = SystemConfiguration.framework; path = System/Library/Frameworks/SystemConfiguration.framework; sourceTree = SDKROOT; };
		6A327D291DA3660F00102770 /* CoreTelephony.framework */ = {isa = PBXFileReference; lastKnownFileType = wrapper.framework; name = CoreTelephony.framework; path = System/Library/Frameworks/CoreTelephony.framework; sourceTree = SDKROOT; };
		6A327D2B1DA3661300102770 /* UIKit.framework */ = {isa = PBXFileReference; lastKnownFileType = wrapper.framework; name = UIKit.framework; path = System/Library/Frameworks/UIKit.framework; sourceTree = SDKROOT; };
		6A327D2D1DA3661900102770 /* libsqlite3.tbd */ = {isa = PBXFileReference; lastKnownFileType = "sourcecode.text-based-dylib-definition"; name = libsqlite3.tbd; path = usr/lib/libsqlite3.tbd; sourceTree = SDKROOT; };
		6A327D2F1DA3661E00102770 /* libz.tbd */ = {isa = PBXFileReference; lastKnownFileType = "sourcecode.text-based-dylib-definition"; name = libz.tbd; path = usr/lib/libz.tbd; sourceTree = SDKROOT; };
		6A327D311DA3662500102770 /* Security.framework */ = {isa = PBXFileReference; lastKnownFileType = wrapper.framework; name = Security.framework; path = System/Library/Frameworks/Security.framework; sourceTree = SDKROOT; };
		6A327D331DA3662A00102770 /* QuickLook.framework */ = {isa = PBXFileReference; lastKnownFileType = wrapper.framework; name = QuickLook.framework; path = System/Library/Frameworks/QuickLook.framework; sourceTree = SDKROOT; };
		6A327D351DA3662F00102770 /* CoreLocation.framework */ = {isa = PBXFileReference; lastKnownFileType = wrapper.framework; name = CoreLocation.framework; path = System/Library/Frameworks/CoreLocation.framework; sourceTree = SDKROOT; };
		6A327D371DA3663600102770 /* MobileCoreServices.framework */ = {isa = PBXFileReference; lastKnownFileType = wrapper.framework; name = MobileCoreServices.framework; path = System/Library/Frameworks/MobileCoreServices.framework; sourceTree = SDKROOT; };
		6A327D391DA3663B00102770 /* CoreSpotlight.framework */ = {isa = PBXFileReference; lastKnownFileType = wrapper.framework; name = CoreSpotlight.framework; path = System/Library/Frameworks/CoreSpotlight.framework; sourceTree = SDKROOT; };
		6A7F20A71E9220D200721A5E /* Helpshift.h */ = {isa = PBXFileReference; fileEncoding = 4; lastKnownFileType = sourcecode.c.h; path = Helpshift.h; sourceTree = "<group>"; };
		6A7F20A81E9220D200721A5E /* HelpshiftAll.h */ = {isa = PBXFileReference; fileEncoding = 4; lastKnownFileType = sourcecode.c.h; path = HelpshiftAll.h; sourceTree = "<group>"; };
		6A7F20A91E9220D200721A5E /* HelpshiftCampaigns.h */ = {isa = PBXFileReference; fileEncoding = 4; lastKnownFileType = sourcecode.c.h; path = HelpshiftCampaigns.h; sourceTree = "<group>"; };
		6A7F20AA1E9220D200721A5E /* HelpshiftCore.h */ = {isa = PBXFileReference; fileEncoding = 4; lastKnownFileType = sourcecode.c.h; path = HelpshiftCore.h; sourceTree = "<group>"; };
		6A7F20AD1E9220D200721A5E /* ar */ = {isa = PBXFileReference; lastKnownFileType = text.plist.strings; name = ar; path = ar.lproj/HelpshiftLocalizable.strings; sourceTree = "<group>"; };
		6A7F20AE1E9220D200721A5E /* bg */ = {isa = PBXFileReference; lastKnownFileType = text.plist.strings; name = bg; path = bg.lproj/HelpshiftLocalizable.strings; sourceTree = "<group>"; };
		6A7F20AF1E9220D200721A5E /* bn */ = {isa = PBXFileReference; lastKnownFileType = text.plist.strings; name = bn; path = bn.lproj/HelpshiftLocalizable.strings; sourceTree = "<group>"; };
		6A7F20B01E9220D200721A5E /* ca */ = {isa = PBXFileReference; lastKnownFileType = text.plist.strings; name = ca; path = ca.lproj/HelpshiftLocalizable.strings; sourceTree = "<group>"; };
		6A7F20B11E9220D200721A5E /* cs */ = {isa = PBXFileReference; lastKnownFileType = text.plist.strings; name = cs; path = cs.lproj/HelpshiftLocalizable.strings; sourceTree = "<group>"; };
		6A7F20B21E9220D200721A5E /* da */ = {isa = PBXFileReference; lastKnownFileType = text.plist.strings; name = da; path = da.lproj/HelpshiftLocalizable.strings; sourceTree = "<group>"; };
		6A7F20B31E9220D200721A5E /* de */ = {isa = PBXFileReference; lastKnownFileType = text.plist.strings; name = de; path = de.lproj/HelpshiftLocalizable.strings; sourceTree = "<group>"; };
		6A7F20B41E9220D200721A5E /* el */ = {isa = PBXFileReference; lastKnownFileType = text.plist.strings; name = el; path = el.lproj/HelpshiftLocalizable.strings; sourceTree = "<group>"; };
		6A7F20B51E9220D200721A5E /* en */ = {isa = PBXFileReference; lastKnownFileType = text.plist.strings; name = en; path = en.lproj/HelpshiftLocalizable.strings; sourceTree = "<group>"; };
		6A7F20B61E9220D200721A5E /* es */ = {isa = PBXFileReference; lastKnownFileType = text.plist.strings; name = es; path = es.lproj/HelpshiftLocalizable.strings; sourceTree = "<group>"; };
		6A7F20B71E9220D200721A5E /* fa */ = {isa = PBXFileReference; lastKnownFileType = text.plist.strings; name = fa; path = fa.lproj/HelpshiftLocalizable.strings; sourceTree = "<group>"; };
		6A7F20B81E9220D200721A5E /* fi */ = {isa = PBXFileReference; lastKnownFileType = text.plist.strings; name = fi; path = fi.lproj/HelpshiftLocalizable.strings; sourceTree = "<group>"; };
		6A7F20B91E9220D200721A5E /* fr */ = {isa = PBXFileReference; lastKnownFileType = text.plist.strings; name = fr; path = fr.lproj/HelpshiftLocalizable.strings; sourceTree = "<group>"; };
		6A7F20BA1E9220D200721A5E /* gu */ = {isa = PBXFileReference; lastKnownFileType = text.plist.strings; name = gu; path = gu.lproj/HelpshiftLocalizable.strings; sourceTree = "<group>"; };
		6A7F20BB1E9220D200721A5E /* he */ = {isa = PBXFileReference; lastKnownFileType = text.plist.strings; name = he; path = he.lproj/HelpshiftLocalizable.strings; sourceTree = "<group>"; };
		6A7F20BC1E9220D200721A5E /* hi */ = {isa = PBXFileReference; lastKnownFileType = text.plist.strings; name = hi; path = hi.lproj/HelpshiftLocalizable.strings; sourceTree = "<group>"; };
		6A7F20BD1E9220D200721A5E /* hr */ = {isa = PBXFileReference; lastKnownFileType = text.plist.strings; name = hr; path = hr.lproj/HelpshiftLocalizable.strings; sourceTree = "<group>"; };
		6A7F20BE1E9220D200721A5E /* hu */ = {isa = PBXFileReference; lastKnownFileType = text.plist.strings; name = hu; path = hu.lproj/HelpshiftLocalizable.strings; sourceTree = "<group>"; };
		6A7F20BF1E9220D200721A5E /* id */ = {isa = PBXFileReference; lastKnownFileType = text.plist.strings; name = id; path = id.lproj/HelpshiftLocalizable.strings; sourceTree = "<group>"; };
		6A7F20C01E9220D200721A5E /* it */ = {isa = PBXFileReference; lastKnownFileType = text.plist.strings; name = it; path = it.lproj/HelpshiftLocalizable.strings; sourceTree = "<group>"; };
		6A7F20C11E9220D200721A5E /* ja */ = {isa = PBXFileReference; lastKnownFileType = text.plist.strings; name = ja; path = ja.lproj/HelpshiftLocalizable.strings; sourceTree = "<group>"; };
		6A7F20C21E9220D200721A5E /* kn */ = {isa = PBXFileReference; lastKnownFileType = text.plist.strings; name = kn; path = kn.lproj/HelpshiftLocalizable.strings; sourceTree = "<group>"; };
		6A7F20C31E9220D200721A5E /* ko */ = {isa = PBXFileReference; lastKnownFileType = text.plist.strings; name = ko; path = ko.lproj/HelpshiftLocalizable.strings; sourceTree = "<group>"; };
		6A7F20C41E9220D200721A5E /* lv */ = {isa = PBXFileReference; lastKnownFileType = text.plist.strings; name = lv; path = lv.lproj/HelpshiftLocalizable.strings; sourceTree = "<group>"; };
		6A7F20C51E9220D200721A5E /* ml */ = {isa = PBXFileReference; lastKnownFileType = text.plist.strings; name = ml; path = ml.lproj/HelpshiftLocalizable.strings; sourceTree = "<group>"; };
		6A7F20C61E9220D200721A5E /* mr */ = {isa = PBXFileReference; lastKnownFileType = text.plist.strings; name = mr; path = mr.lproj/HelpshiftLocalizable.strings; sourceTree = "<group>"; };
		6A7F20C71E9220D200721A5E /* ms */ = {isa = PBXFileReference; lastKnownFileType = text.plist.strings; name = ms; path = ms.lproj/HelpshiftLocalizable.strings; sourceTree = "<group>"; };
		6A7F20C81E9220D200721A5E /* nb-NO */ = {isa = PBXFileReference; lastKnownFileType = text.plist.strings; name = "nb-NO"; path = "nb-NO.lproj/HelpshiftLocalizable.strings"; sourceTree = "<group>"; };
		6A7F20C91E9220D200721A5E /* nb */ = {isa = PBXFileReference; lastKnownFileType = text.plist.strings; name = nb; path = nb.lproj/HelpshiftLocalizable.strings; sourceTree = "<group>"; };
		6A7F20CA1E9220D200721A5E /* nl */ = {isa = PBXFileReference; lastKnownFileType = text.plist.strings; name = nl; path = nl.lproj/HelpshiftLocalizable.strings; sourceTree = "<group>"; };
		6A7F20CB1E9220D200721A5E /* pa */ = {isa = PBXFileReference; lastKnownFileType = text.plist.strings; name = pa; path = pa.lproj/HelpshiftLocalizable.strings; sourceTree = "<group>"; };
		6A7F20CC1E9220D200721A5E /* pl */ = {isa = PBXFileReference; lastKnownFileType = text.plist.strings; name = pl; path = pl.lproj/HelpshiftLocalizable.strings; sourceTree = "<group>"; };
		6A7F20CD1E9220D200721A5E /* pt */ = {isa = PBXFileReference; lastKnownFileType = text.plist.strings; name = pt; path = pt.lproj/HelpshiftLocalizable.strings; sourceTree = "<group>"; };
		6A7F20CE1E9220D200721A5E /* ro */ = {isa = PBXFileReference; lastKnownFileType = text.plist.strings; name = ro; path = ro.lproj/HelpshiftLocalizable.strings; sourceTree = "<group>"; };
		6A7F20CF1E9220D200721A5E /* ru */ = {isa = PBXFileReference; lastKnownFileType = text.plist.strings; name = ru; path = ru.lproj/HelpshiftLocalizable.strings; sourceTree = "<group>"; };
		6A7F20D01E9220D200721A5E /* sk */ = {isa = PBXFileReference; lastKnownFileType = text.plist.strings; name = sk; path = sk.lproj/HelpshiftLocalizable.strings; sourceTree = "<group>"; };
		6A7F20D11E9220D200721A5E /* sl */ = {isa = PBXFileReference; lastKnownFileType = text.plist.strings; name = sl; path = sl.lproj/HelpshiftLocalizable.strings; sourceTree = "<group>"; };
		6A7F20D21E9220D200721A5E /* sv */ = {isa = PBXFileReference; lastKnownFileType = text.plist.strings; name = sv; path = sv.lproj/HelpshiftLocalizable.strings; sourceTree = "<group>"; };
		6A7F20D31E9220D200721A5E /* ta */ = {isa = PBXFileReference; lastKnownFileType = text.plist.strings; name = ta; path = ta.lproj/HelpshiftLocalizable.strings; sourceTree = "<group>"; };
		6A7F20D41E9220D200721A5E /* te */ = {isa = PBXFileReference; lastKnownFileType = text.plist.strings; name = te; path = te.lproj/HelpshiftLocalizable.strings; sourceTree = "<group>"; };
		6A7F20D51E9220D200721A5E /* th */ = {isa = PBXFileReference; lastKnownFileType = text.plist.strings; name = th; path = th.lproj/HelpshiftLocalizable.strings; sourceTree = "<group>"; };
		6A7F20D61E9220D200721A5E /* tr */ = {isa = PBXFileReference; lastKnownFileType = text.plist.strings; name = tr; path = tr.lproj/HelpshiftLocalizable.strings; sourceTree = "<group>"; };
		6A7F20D71E9220D200721A5E /* uk */ = {isa = PBXFileReference; lastKnownFileType = text.plist.strings; name = uk; path = uk.lproj/HelpshiftLocalizable.strings; sourceTree = "<group>"; };
		6A7F20D81E9220D200721A5E /* vi */ = {isa = PBXFileReference; lastKnownFileType = text.plist.strings; name = vi; path = vi.lproj/HelpshiftLocalizable.strings; sourceTree = "<group>"; };
		6A7F20D91E9220D200721A5E /* zh-Hans-SG */ = {isa = PBXFileReference; lastKnownFileType = text.plist.strings; name = "zh-Hans-SG"; path = "zh-Hans-SG.lproj/HelpshiftLocalizable.strings"; sourceTree = "<group>"; };
		6A7F20DA1E9220D200721A5E /* zh-Hans */ = {isa = PBXFileReference; lastKnownFileType = text.plist.strings; name = "zh-Hans"; path = "zh-Hans.lproj/HelpshiftLocalizable.strings"; sourceTree = "<group>"; };
		6A7F20DB1E9220D200721A5E /* zh-Hant-HK */ = {isa = PBXFileReference; lastKnownFileType = text.plist.strings; name = "zh-Hant-HK"; path = "zh-Hant-HK.lproj/HelpshiftLocalizable.strings"; sourceTree = "<group>"; };
		6A7F20DC1E9220D200721A5E /* zh-Hant */ = {isa = PBXFileReference; lastKnownFileType = text.plist.strings; name = "zh-Hant"; path = "zh-Hant.lproj/HelpshiftLocalizable.strings"; sourceTree = "<group>"; };
		6A7F20DD1E9220D200721A5E /* zh-Hk */ = {isa = PBXFileReference; lastKnownFileType = text.plist.strings; name = "zh-Hk"; path = "zh-Hk.lproj/HelpshiftLocalizable.strings"; sourceTree = "<group>"; };
		6A7F20DE1E9220D200721A5E /* zh-Sg */ = {isa = PBXFileReference; lastKnownFileType = text.plist.strings; name = "zh-Sg"; path = "zh-Sg.lproj/HelpshiftLocalizable.strings"; sourceTree = "<group>"; };
		6A7F20DF1E9220D200721A5E /* HelpshiftInbox.h */ = {isa = PBXFileReference; fileEncoding = 4; lastKnownFileType = sourcecode.c.h; path = HelpshiftInbox.h; sourceTree = "<group>"; };
		6A7F20E01E9220D200721A5E /* HelpshiftSupport.h */ = {isa = PBXFileReference; fileEncoding = 4; lastKnownFileType = sourcecode.c.h; path = HelpshiftSupport.h; sourceTree = "<group>"; };
		6A7F20E11E9220D200721A5E /* HsLocalization.bundle */ = {isa = PBXFileReference; lastKnownFileType = "wrapper.plug-in"; path = HsLocalization.bundle; sourceTree = "<group>"; };
		6A7F20E31E9220D200721A5E /* HelpshiftConfig.plist */ = {isa = PBXFileReference; fileEncoding = 4; lastKnownFileType = text.plist.xml; path = HelpshiftConfig.plist; sourceTree = "<group>"; };
		6A7F20E41E9220D200721A5E /* HelpshiftConfigDark.plist */ = {isa = PBXFileReference; fileEncoding = 4; lastKnownFileType = text.plist.xml; path = HelpshiftConfigDark.plist; sourceTree = "<group>"; };
		6A7F20E51E9220D200721A5E /* HsUIResourceBundle.bundle */ = {isa = PBXFileReference; lastKnownFileType = "wrapper.plug-in"; path = HsUIResourceBundle.bundle; sourceTree = "<group>"; };
		6A7F20E81E9220D200721A5E /* libHelpshift.a */ = {isa = PBXFileReference; lastKnownFileType = archive.ar; path = libHelpshift.a; sourceTree = "<group>"; };
		6A7F20F31E9220EF00721A5E /* WebKit.framework */ = {isa = PBXFileReference; lastKnownFileType = wrapper.framework; name = WebKit.framework; path = System/Library/Frameworks/WebKit.framework; sourceTree = SDKROOT; };
		6A7F20F51E9220F500721A5E /* Photos.framework */ = {isa = PBXFileReference; lastKnownFileType = wrapper.framework; name = Photos.framework; path = System/Library/Frameworks/Photos.framework; sourceTree = SDKROOT; };
/* End PBXFileReference section */

/* Begin PBXFrameworksBuildPhase section */
		6A327D031DA365DB00102770 /* Frameworks */ = {
			isa = PBXFrameworksBuildPhase;
			buildActionMask = 2147483647;
			files = (
				6A7F20F61E9220F500721A5E /* Photos.framework in Frameworks */,
				6A7F20F41E9220EF00721A5E /* WebKit.framework in Frameworks */,
				6A327D3A1DA3663B00102770 /* CoreSpotlight.framework in Frameworks */,
				6A327D381DA3663600102770 /* MobileCoreServices.framework in Frameworks */,
				6A327D361DA3662F00102770 /* CoreLocation.framework in Frameworks */,
				6A327D341DA3662A00102770 /* QuickLook.framework in Frameworks */,
				6A327D321DA3662500102770 /* Security.framework in Frameworks */,
				6A327D301DA3661E00102770 /* libz.tbd in Frameworks */,
				6A327D2E1DA3661900102770 /* libsqlite3.tbd in Frameworks */,
				6A327D2C1DA3661300102770 /* UIKit.framework in Frameworks */,
				6A327D2A1DA3660F00102770 /* CoreTelephony.framework in Frameworks */,
				6A7F20F11E9220D200721A5E /* libHelpshift.a in Frameworks */,
				6A327D281DA3660800102770 /* SystemConfiguration.framework in Frameworks */,
				6A327D261DA3660300102770 /* CoreText.framework in Frameworks */,
				6A327D241DA365FB00102770 /* QuartzCore.framework in Frameworks */,
				6A327D221DA365F600102770 /* CoreGraphics.framework in Frameworks */,
			);
			runOnlyForDeploymentPostprocessing = 0;
		};
/* End PBXFrameworksBuildPhase section */

/* Begin PBXGroup section */
		6A327CFD1DA365DB00102770 = {
			isa = PBXGroup;
			children = (
				6A327D3B1DA3664200102770 /* Helpshift */,
				6A327D201DA365E800102770 /* Frameworks */,
				6A327D081DA365DB00102770 /* APNApp */,
				6A327D071DA365DB00102770 /* Products */,
			);
			sourceTree = "<group>";
		};
		6A327D071DA365DB00102770 /* Products */ = {
			isa = PBXGroup;
			children = (
				6A327D061DA365DB00102770 /* APNApp.app */,
			);
			name = Products;
			sourceTree = "<group>";
		};
		6A327D081DA365DB00102770 /* APNApp */ = {
			isa = PBXGroup;
			children = (
				6A1B25FA1DA36B6E005AD0FF /* APNApp.entitlements */,
				6A327D0C1DA365DB00102770 /* AppDelegate.h */,
				6A327D0D1DA365DB00102770 /* AppDelegate.m */,
				6A327D0F1DA365DB00102770 /* ViewController.h */,
				6A327D101DA365DB00102770 /* ViewController.m */,
				6A327D121DA365DB00102770 /* Main.storyboard */,
				6A327D151DA365DB00102770 /* Assets.xcassets */,
				6A327D171DA365DB00102770 /* LaunchScreen.storyboard */,
				6A327D1A1DA365DB00102770 /* Info.plist */,
				6A327D091DA365DB00102770 /* Supporting Files */,
			);
			path = APNApp;
			sourceTree = "<group>";
		};
		6A327D091DA365DB00102770 /* Supporting Files */ = {
			isa = PBXGroup;
			children = (
				6A327D0A1DA365DB00102770 /* main.m */,
			);
			name = "Supporting Files";
			sourceTree = "<group>";
		};
		6A327D201DA365E800102770 /* Frameworks */ = {
			isa = PBXGroup;
			children = (
				6A7F20F51E9220F500721A5E /* Photos.framework */,
				6A7F20F31E9220EF00721A5E /* WebKit.framework */,
				6A327D391DA3663B00102770 /* CoreSpotlight.framework */,
				6A327D371DA3663600102770 /* MobileCoreServices.framework */,
				6A327D351DA3662F00102770 /* CoreLocation.framework */,
				6A327D331DA3662A00102770 /* QuickLook.framework */,
				6A327D311DA3662500102770 /* Security.framework */,
				6A327D2F1DA3661E00102770 /* libz.tbd */,
				6A327D2D1DA3661900102770 /* libsqlite3.tbd */,
				6A327D2B1DA3661300102770 /* UIKit.framework */,
				6A327D291DA3660F00102770 /* CoreTelephony.framework */,
				6A327D271DA3660800102770 /* SystemConfiguration.framework */,
				6A327D251DA3660300102770 /* CoreText.framework */,
				6A327D231DA365FB00102770 /* QuartzCore.framework */,
				6A327D211DA365F600102770 /* CoreGraphics.framework */,
			);
			name = Frameworks;
			sourceTree = "<group>";
		};
		6A327D3B1DA3664200102770 /* Helpshift */ = {
			isa = PBXGroup;
			children = (
				6A7F20A71E9220D200721A5E /* Helpshift.h */,
				6A7F20A81E9220D200721A5E /* HelpshiftAll.h */,
				6A7F20A91E9220D200721A5E /* HelpshiftCampaigns.h */,
				6A7F20AA1E9220D200721A5E /* HelpshiftCore.h */,
				6A7F20AB1E9220D200721A5E /* HelpshiftDefaultLocalizations */,
				6A7F20DF1E9220D200721A5E /* HelpshiftInbox.h */,
				6A7F20E01E9220D200721A5E /* HelpshiftSupport.h */,
				6A7F20E11E9220D200721A5E /* HsLocalization.bundle */,
				6A7F20E21E9220D200721A5E /* HSThemes */,
				6A7F20E51E9220D200721A5E /* HsUIResourceBundle.bundle */,
				6A7F20E81E9220D200721A5E /* libHelpshift.a */,
			);
			name = Helpshift;
			sourceTree = "<group>";
		};
		6A7F20AB1E9220D200721A5E /* HelpshiftDefaultLocalizations */ = {
			isa = PBXGroup;
			children = (
				6A7F20AC1E9220D200721A5E /* HelpshiftLocalizable.strings */,
			);
			path = HelpshiftDefaultLocalizations;
			sourceTree = "<group>";
		};
		6A7F20E21E9220D200721A5E /* HSThemes */ = {
			isa = PBXGroup;
			children = (
				6A7F20E31E9220D200721A5E /* HelpshiftConfig.plist */,
				6A7F20E41E9220D200721A5E /* HelpshiftConfigDark.plist */,
			);
			path = HSThemes;
			sourceTree = "<group>";
		};
/* End PBXGroup section */

/* Begin PBXNativeTarget section */
		6A327D051DA365DB00102770 /* APNApp */ = {
			isa = PBXNativeTarget;
			buildConfigurationList = 6A327D1D1DA365DB00102770 /* Build configuration list for PBXNativeTarget "APNApp" */;
			buildPhases = (
				6A327D021DA365DB00102770 /* Sources */,
				6A327D031DA365DB00102770 /* Frameworks */,
				6A327D041DA365DB00102770 /* Resources */,
			);
			buildRules = (
			);
			dependencies = (
			);
			name = APNApp;
			productName = APNApp;
			productReference = 6A327D061DA365DB00102770 /* APNApp.app */;
			productType = "com.apple.product-type.application";
		};
/* End PBXNativeTarget section */

/* Begin PBXProject section */
		6A327CFE1DA365DB00102770 /* Project object */ = {
			isa = PBXProject;
			attributes = {
				LastUpgradeCheck = 0730;
				ORGANIZATIONNAME = yourorganization;
				TargetAttributes = {
					6A327D051DA365DB00102770 = {
						CreatedOnToolsVersion = 7.3.1;
						SystemCapabilities = {
							com.apple.Push = {
								enabled = 1;
							};
						};
					};
				};
			};
			buildConfigurationList = 6A327D011DA365DB00102770 /* Build configuration list for PBXProject "APNApp" */;
			compatibilityVersion = "Xcode 3.2";
			developmentRegion = English;
			hasScannedForEncodings = 0;
			knownRegions = (
				en,
				Base,
				ar,
				bg,
				bn,
				ca,
				cs,
				da,
				de,
				el,
				es,
				fa,
				fi,
				fr,
				gu,
				he,
				hi,
				hr,
				hu,
				id,
				it,
				ja,
				kn,
				ko,
				lv,
				ml,
				mr,
				ms,
				"nb-NO",
				nb,
				nl,
				pa,
				pl,
				pt,
				ro,
				ru,
				sk,
				sl,
				sv,
				ta,
				te,
				th,
				tr,
				uk,
				vi,
				"zh-Hans-SG",
				"zh-Hans",
				"zh-Hant-HK",
				"zh-Hant",
				"zh-Hk",
				"zh-Sg",
			);
			mainGroup = 6A327CFD1DA365DB00102770;
			productRefGroup = 6A327D071DA365DB00102770 /* Products */;
			projectDirPath = "";
			projectRoot = "";
			targets = (
				6A327D051DA365DB00102770 /* APNApp */,
			);
		};
/* End PBXProject section */

/* Begin PBXResourcesBuildPhase section */
		6A327D041DA365DB00102770 /* Resources */ = {
			isa = PBXResourcesBuildPhase;
			buildActionMask = 2147483647;
			files = (
				6A327D191DA365DB00102770 /* LaunchScreen.storyboard in Resources */,
				6A7F20EA1E9220D200721A5E /* HelpshiftLocalizable.strings in Resources */,
				6A7F20EC1E9220D200721A5E /* HelpshiftConfig.plist in Resources */,
				6A7F20EB1E9220D200721A5E /* HsLocalization.bundle in Resources */,
				6A7F20EE1E9220D200721A5E /* HsUIResourceBundle.bundle in Resources */,
				6A7F20ED1E9220D200721A5E /* HelpshiftConfigDark.plist in Resources */,
				6A327D161DA365DB00102770 /* Assets.xcassets in Resources */,
				6A327D141DA365DB00102770 /* Main.storyboard in Resources */,
			);
			runOnlyForDeploymentPostprocessing = 0;
		};
/* End PBXResourcesBuildPhase section */

/* Begin PBXSourcesBuildPhase section */
		6A327D021DA365DB00102770 /* Sources */ = {
			isa = PBXSourcesBuildPhase;
			buildActionMask = 2147483647;
			files = (
				6A327D111DA365DB00102770 /* ViewController.m in Sources */,
				6A327D0E1DA365DB00102770 /* AppDelegate.m in Sources */,
				6A327D0B1DA365DB00102770 /* main.m in Sources */,
			);
			runOnlyForDeploymentPostprocessing = 0;
		};
/* End PBXSourcesBuildPhase section */

/* Begin PBXVariantGroup section */
		6A327D121DA365DB00102770 /* Main.storyboard */ = {
			isa = PBXVariantGroup;
			children = (
				6A327D131DA365DB00102770 /* Base */,
			);
			name = Main.storyboard;
			sourceTree = "<group>";
		};
		6A327D171DA365DB00102770 /* LaunchScreen.storyboard */ = {
			isa = PBXVariantGroup;
			children = (
				6A327D181DA365DB00102770 /* Base */,
			);
			name = LaunchScreen.storyboard;
			sourceTree = "<group>";
		};
		6A7F20AC1E9220D200721A5E /* HelpshiftLocalizable.strings */ = {
			isa = PBXVariantGroup;
			children = (
				6A7F20AD1E9220D200721A5E /* ar */,
				6A7F20AE1E9220D200721A5E /* bg */,
				6A7F20AF1E9220D200721A5E /* bn */,
				6A7F20B01E9220D200721A5E /* ca */,
				6A7F20B11E9220D200721A5E /* cs */,
				6A7F20B21E9220D200721A5E /* da */,
				6A7F20B31E9220D200721A5E /* de */,
				6A7F20B41E9220D200721A5E /* el */,
				6A7F20B51E9220D200721A5E /* en */,
				6A7F20B61E9220D200721A5E /* es */,
				6A7F20B71E9220D200721A5E /* fa */,
				6A7F20B81E9220D200721A5E /* fi */,
				6A7F20B91E9220D200721A5E /* fr */,
				6A7F20BA1E9220D200721A5E /* gu */,
				6A7F20BB1E9220D200721A5E /* he */,
				6A7F20BC1E9220D200721A5E /* hi */,
				6A7F20BD1E9220D200721A5E /* hr */,
				6A7F20BE1E9220D200721A5E /* hu */,
				6A7F20BF1E9220D200721A5E /* id */,
				6A7F20C01E9220D200721A5E /* it */,
				6A7F20C11E9220D200721A5E /* ja */,
				6A7F20C21E9220D200721A5E /* kn */,
				6A7F20C31E9220D200721A5E /* ko */,
				6A7F20C41E9220D200721A5E /* lv */,
				6A7F20C51E9220D200721A5E /* ml */,
				6A7F20C61E9220D200721A5E /* mr */,
				6A7F20C71E9220D200721A5E /* ms */,
				6A7F20C81E9220D200721A5E /* nb-NO */,
				6A7F20C91E9220D200721A5E /* nb */,
				6A7F20CA1E9220D200721A5E /* nl */,
				6A7F20CB1E9220D200721A5E /* pa */,
				6A7F20CC1E9220D200721A5E /* pl */,
				6A7F20CD1E9220D200721A5E /* pt */,
				6A7F20CE1E9220D200721A5E /* ro */,
				6A7F20CF1E9220D200721A5E /* ru */,
				6A7F20D01E9220D200721A5E /* sk */,
				6A7F20D11E9220D200721A5E /* sl */,
				6A7F20D21E9220D200721A5E /* sv */,
				6A7F20D31E9220D200721A5E /* ta */,
				6A7F20D41E9220D200721A5E /* te */,
				6A7F20D51E9220D200721A5E /* th */,
				6A7F20D61E9220D200721A5E /* tr */,
				6A7F20D71E9220D200721A5E /* uk */,
				6A7F20D81E9220D200721A5E /* vi */,
				6A7F20D91E9220D200721A5E /* zh-Hans-SG */,
				6A7F20DA1E9220D200721A5E /* zh-Hans */,
				6A7F20DB1E9220D200721A5E /* zh-Hant-HK */,
				6A7F20DC1E9220D200721A5E /* zh-Hant */,
				6A7F20DD1E9220D200721A5E /* zh-Hk */,
				6A7F20DE1E9220D200721A5E /* zh-Sg */,
			);
			name = HelpshiftLocalizable.strings;
			sourceTree = "<group>";
		};
/* End PBXVariantGroup section */

/* Begin XCBuildConfiguration section */
		6A327D1B1DA365DB00102770 /* Debug */ = {
			isa = XCBuildConfiguration;
			buildSettings = {
				ALWAYS_SEARCH_USER_PATHS = NO;
				CLANG_ANALYZER_NONNULL = YES;
				CLANG_CXX_LANGUAGE_STANDARD = "gnu++0x";
				CLANG_CXX_LIBRARY = "libc++";
				CLANG_ENABLE_MODULES = YES;
				CLANG_ENABLE_OBJC_ARC = YES;
				CLANG_WARN_BOOL_CONVERSION = YES;
				CLANG_WARN_CONSTANT_CONVERSION = YES;
				CLANG_WARN_DIRECT_OBJC_ISA_USAGE = YES_ERROR;
				CLANG_WARN_EMPTY_BODY = YES;
				CLANG_WARN_ENUM_CONVERSION = YES;
				CLANG_WARN_INT_CONVERSION = YES;
				CLANG_WARN_OBJC_ROOT_CLASS = YES_ERROR;
				CLANG_WARN_UNREACHABLE_CODE = YES;
				CLANG_WARN__DUPLICATE_METHOD_MATCH = YES;
				"CODE_SIGN_IDENTITY[sdk=iphoneos*]" = "iPhone Developer";
				COPY_PHASE_STRIP = NO;
				DEBUG_INFORMATION_FORMAT = dwarf;
				ENABLE_STRICT_OBJC_MSGSEND = YES;
				ENABLE_TESTABILITY = YES;
				GCC_C_LANGUAGE_STANDARD = gnu99;
				GCC_DYNAMIC_NO_PIC = NO;
				GCC_NO_COMMON_BLOCKS = YES;
				GCC_OPTIMIZATION_LEVEL = 0;
				GCC_PREPROCESSOR_DEFINITIONS = (
					"DEBUG=1",
					"$(inherited)",
				);
				GCC_WARN_64_TO_32_BIT_CONVERSION = YES;
				GCC_WARN_ABOUT_RETURN_TYPE = YES_ERROR;
				GCC_WARN_UNDECLARED_SELECTOR = YES;
				GCC_WARN_UNINITIALIZED_AUTOS = YES_AGGRESSIVE;
				GCC_WARN_UNUSED_FUNCTION = YES;
				GCC_WARN_UNUSED_VARIABLE = YES;
				IPHONEOS_DEPLOYMENT_TARGET = 9.3;
				MTL_ENABLE_DEBUG_INFO = YES;
				ONLY_ACTIVE_ARCH = YES;
				SDKROOT = iphoneos;
				TARGETED_DEVICE_FAMILY = "1,2";
			};
			name = Debug;
		};
		6A327D1C1DA365DB00102770 /* Release */ = {
			isa = XCBuildConfiguration;
			buildSettings = {
				ALWAYS_SEARCH_USER_PATHS = NO;
				CLANG_ANALYZER_NONNULL = YES;
				CLANG_CXX_LANGUAGE_STANDARD = "gnu++0x";
				CLANG_CXX_LIBRARY = "libc++";
				CLANG_ENABLE_MODULES = YES;
				CLANG_ENABLE_OBJC_ARC = YES;
				CLANG_WARN_BOOL_CONVERSION = YES;
				CLANG_WARN_CONSTANT_CONVERSION = YES;
				CLANG_WARN_DIRECT_OBJC_ISA_USAGE = YES_ERROR;
				CLANG_WARN_EMPTY_BODY = YES;
				CLANG_WARN_ENUM_CONVERSION = YES;
				CLANG_WARN_INT_CONVERSION = YES;
				CLANG_WARN_OBJC_ROOT_CLASS = YES_ERROR;
				CLANG_WARN_UNREACHABLE_CODE = YES;
				CLANG_WARN__DUPLICATE_METHOD_MATCH = YES;
				"CODE_SIGN_IDENTITY[sdk=iphoneos*]" = "iPhone Developer";
				COPY_PHASE_STRIP = NO;
				DEBUG_INFORMATION_FORMAT = "dwarf-with-dsym";
				ENABLE_NS_ASSERTIONS = NO;
				ENABLE_STRICT_OBJC_MSGSEND = YES;
				GCC_C_LANGUAGE_STANDARD = gnu99;
				GCC_NO_COMMON_BLOCKS = YES;
				GCC_WARN_64_TO_32_BIT_CONVERSION = YES;
				GCC_WARN_ABOUT_RETURN_TYPE = YES_ERROR;
				GCC_WARN_UNDECLARED_SELECTOR = YES;
				GCC_WARN_UNINITIALIZED_AUTOS = YES_AGGRESSIVE;
				GCC_WARN_UNUSED_FUNCTION = YES;
				GCC_WARN_UNUSED_VARIABLE = YES;
				IPHONEOS_DEPLOYMENT_TARGET = 9.3;
				MTL_ENABLE_DEBUG_INFO = NO;
				SDKROOT = iphoneos;
				TARGETED_DEVICE_FAMILY = "1,2";
				VALIDATE_PRODUCT = YES;
			};
			name = Release;
		};
		6A327D1E1DA365DB00102770 /* Debug */ = {
			isa = XCBuildConfiguration;
			buildSettings = {
				ASSETCATALOG_COMPILER_APPICON_NAME = AppIcon;
				CODE_SIGN_ENTITLEMENTS = APNApp/APNApp.entitlements;
				DEVELOPMENT_TEAM = "";
				INFOPLIST_FILE = APNApp/Info.plist;
				IPHONEOS_DEPLOYMENT_TARGET = 7.0;
				LD_RUNPATH_SEARCH_PATHS = "$(inherited) @executable_path/Frameworks";
				LIBRARY_SEARCH_PATHS = (
					"$(inherited)",
					"$(PROJECT_DIR)",
				);
				PRODUCT_NAME = "$(TARGET_NAME)";
			};
			name = Debug;
		};
		6A327D1F1DA365DB00102770 /* Release */ = {
			isa = XCBuildConfiguration;
			buildSettings = {
				ASSETCATALOG_COMPILER_APPICON_NAME = AppIcon;
				CODE_SIGN_ENTITLEMENTS = APNApp/APNApp.entitlements;
				DEVELOPMENT_TEAM = "";
				INFOPLIST_FILE = APNApp/Info.plist;
				IPHONEOS_DEPLOYMENT_TARGET = 7.0;
				LD_RUNPATH_SEARCH_PATHS = "$(inherited) @executable_path/Frameworks";
				LIBRARY_SEARCH_PATHS = (
					"$(inherited)",
					"$(PROJECT_DIR)",
				);
				PRODUCT_NAME = "$(TARGET_NAME)";
			};
			name = Release;
		};
/* End XCBuildConfiguration section */

/* Begin XCConfigurationList section */
		6A327D011DA365DB00102770 /* Build configuration list for PBXProject "APNApp" */ = {
			isa = XCConfigurationList;
			buildConfigurations = (
				6A327D1B1DA365DB00102770 /* Debug */,
				6A327D1C1DA365DB00102770 /* Release */,
			);
			defaultConfigurationIsVisible = 0;
			defaultConfigurationName = Release;
		};
		6A327D1D1DA365DB00102770 /* Build configuration list for PBXNativeTarget "APNApp" */ = {
			isa = XCConfigurationList;
			buildConfigurations = (
				6A327D1E1DA365DB00102770 /* Debug */,
				6A327D1F1DA365DB00102770 /* Release */,
			);
			defaultConfigurationIsVisible = 0;
			defaultConfigurationName = Release;
		};
/* End XCConfigurationList section */
	};
	rootObject = 6A327CFE1DA365DB00102770 /* Project object */;
}
