// !$*UTF8*$!
{
	archiveVersion = 1;
	classes = {
	};
	objectVersion = 46;
	objects = {

/* Begin PBXBuildFile section */
		4C049CBAB05F3C4D08FF3FB4 /* libPods-APNApp.a in Frameworks */ = {isa = PBXBuildFile; fileRef = 338375B28A568A6E0257F623 /* libPods-APNApp.a */; };
		6A327D0B1DA365DB00102770 /* main.m in Sources */ = {isa = PBXBuildFile; fileRef = 6A327D0A1DA365DB00102770 /* main.m */; };
		6A327D0E1DA365DB00102770 /* AppDelegate.m in Sources */ = {isa = PBXBuildFile; fileRef = 6A327D0D1DA365DB00102770 /* AppDelegate.m */; };
		6A327D111DA365DB00102770 /* ViewController.m in Sources */ = {isa = PBXBuildFile; fileRef = 6A327D101DA365DB00102770 /* ViewController.m */; };
		6A327D141DA365DB00102770 /* Main.storyboard in Resources */ = {isa = PBXBuildFile; fileRef = 6A327D121DA365DB00102770 /* Main.storyboard */; };
		6A327D161DA365DB00102770 /* Assets.xcassets in Resources */ = {isa = PBXBuildFile; fileRef = 6A327D151DA365DB00102770 /* Assets.xcassets */; };
		6A327D191DA365DB00102770 /* LaunchScreen.storyboard in Resources */ = {isa = PBXBuildFile; fileRef = 6A327D171DA365DB00102770 /* LaunchScreen.storyboard */; };
		6A327D221DA365F600102770 /* CoreGraphics.framework in Frameworks */ = {isa = PBXBuildFile; fileRef = 6A327D211DA365F600102770 /* CoreGraphics.framework */; };
		6A327D241DA365FB00102770 /* QuartzCore.framework in Frameworks */ = {isa = PBXBuildFile; fileRef = 6A327D231DA365FB00102770 /* QuartzCore.framework */; };
		6A327D261DA3660300102770 /* CoreText.framework in Frameworks */ = {isa = PBXBuildFile; fileRef = 6A327D251DA3660300102770 /* CoreText.framework */; };
		6A327D281DA3660800102770 /* SystemConfiguration.framework in Frameworks */ = {isa = PBXBuildFile; fileRef = 6A327D271DA3660800102770 /* SystemConfiguration.framework */; };
		6A327D2A1DA3660F00102770 /* CoreTelephony.framework in Frameworks */ = {isa = PBXBuildFile; fileRef = 6A327D291DA3660F00102770 /* CoreTelephony.framework */; };
		6A327D2C1DA3661300102770 /* UIKit.framework in Frameworks */ = {isa = PBXBuildFile; fileRef = 6A327D2B1DA3661300102770 /* UIKit.framework */; };
		6A327D2E1DA3661900102770 /* libsqlite3.tbd in Frameworks */ = {isa = PBXBuildFile; fileRef = 6A327D2D1DA3661900102770 /* libsqlite3.tbd */; };
		6A327D301DA3661E00102770 /* libz.tbd in Frameworks */ = {isa = PBXBuildFile; fileRef = 6A327D2F1DA3661E00102770 /* libz.tbd */; };
		6A327D321DA3662500102770 /* Security.framework in Frameworks */ = {isa = PBXBuildFile; fileRef = 6A327D311DA3662500102770 /* Security.framework */; };
		6A327D341DA3662A00102770 /* QuickLook.framework in Frameworks */ = {isa = PBXBuildFile; fileRef = 6A327D331DA3662A00102770 /* QuickLook.framework */; };
		6A327D361DA3662F00102770 /* CoreLocation.framework in Frameworks */ = {isa = PBXBuildFile; fileRef = 6A327D351DA3662F00102770 /* CoreLocation.framework */; };
		6A327D381DA3663600102770 /* MobileCoreServices.framework in Frameworks */ = {isa = PBXBuildFile; fileRef = 6A327D371DA3663600102770 /* MobileCoreServices.framework */; };
		6A327D3A1DA3663B00102770 /* CoreSpotlight.framework in Frameworks */ = {isa = PBXBuildFile; fileRef = 6A327D391DA3663B00102770 /* CoreSpotlight.framework */; };
		6A7F20F41E9220EF00721A5E /* WebKit.framework in Frameworks */ = {isa = PBXBuildFile; fileRef = 6A7F20F31E9220EF00721A5E /* WebKit.framework */; };
		6A7F20F61E9220F500721A5E /* Photos.framework in Frameworks */ = {isa = PBXBuildFile; fileRef = 6A7F20F51E9220F500721A5E /* Photos.framework */; };
		6AF3CB961F1F6ABC00915D4C /* libicucore.tbd in Frameworks */ = {isa = PBXBuildFile; fileRef = 6AF3CB951F1F6A9700915D4C /* libicucore.tbd */; };
/* End PBXBuildFile section */

/* Begin PBXFileReference section */
		2246C9F78711BD325CA2464F /* Pods-APNApp.release.xcconfig */ = {isa = PBXFileReference; includeInIndex = 1; lastKnownFileType = text.xcconfig; name = "Pods-APNApp.release.xcconfig"; path = "Pods/Target Support Files/Pods-APNApp/Pods-APNApp.release.xcconfig"; sourceTree = "<group>"; };
		338375B28A568A6E0257F623 /* libPods-APNApp.a */ = {isa = PBXFileReference; explicitFileType = archive.ar; includeInIndex = 0; path = "libPods-APNApp.a"; sourceTree = BUILT_PRODUCTS_DIR; };
		3E47EB95E34DB049BC118D9A /* Pods-APNApp.debug.xcconfig */ = {isa = PBXFileReference; includeInIndex = 1; lastKnownFileType = text.xcconfig; name = "Pods-APNApp.debug.xcconfig"; path = "Pods/Target Support Files/Pods-APNApp/Pods-APNApp.debug.xcconfig"; sourceTree = "<group>"; };
		6A1B25FA1DA36B6E005AD0FF /* APNApp.entitlements */ = {isa = PBXFileReference; lastKnownFileType = text.plist.entitlements; path = APNApp.entitlements; sourceTree = "<group>"; };
		6A327D061DA365DB00102770 /* APNApp.app */ = {isa = PBXFileReference; explicitFileType = wrapper.application; includeInIndex = 0; path = APNApp.app; sourceTree = BUILT_PRODUCTS_DIR; };
		6A327D0A1DA365DB00102770 /* main.m */ = {isa = PBXFileReference; lastKnownFileType = sourcecode.c.objc; path = main.m; sourceTree = "<group>"; };
		6A327D0C1DA365DB00102770 /* AppDelegate.h */ = {isa = PBXFileReference; lastKnownFileType = sourcecode.c.h; path = AppDelegate.h; sourceTree = "<group>"; };
		6A327D0D1DA365DB00102770 /* AppDelegate.m */ = {isa = PBXFileReference; lastKnownFileType = sourcecode.c.objc; path = AppDelegate.m; sourceTree = "<group>"; };
		6A327D0F1DA365DB00102770 /* ViewController.h */ = {isa = PBXFileReference; lastKnownFileType = sourcecode.c.h; path = ViewController.h; sourceTree = "<group>"; };
		6A327D101DA365DB00102770 /* ViewController.m */ = {isa = PBXFileReference; lastKnownFileType = sourcecode.c.objc; path = ViewController.m; sourceTree = "<group>"; };
		6A327D131DA365DB00102770 /* Base */ = {isa = PBXFileReference; lastKnownFileType = file.storyboard; name = Base; path = Base.lproj/Main.storyboard; sourceTree = "<group>"; };
		6A327D151DA365DB00102770 /* Assets.xcassets */ = {isa = PBXFileReference; lastKnownFileType = folder.assetcatalog; path = Assets.xcassets; sourceTree = "<group>"; };
		6A327D181DA365DB00102770 /* Base */ = {isa = PBXFileReference; lastKnownFileType = file.storyboard; name = Base; path = Base.lproj/LaunchScreen.storyboard; sourceTree = "<group>"; };
		6A327D1A1DA365DB00102770 /* Info.plist */ = {isa = PBXFileReference; lastKnownFileType = text.plist.xml; path = Info.plist; sourceTree = "<group>"; };
		6A327D211DA365F600102770 /* CoreGraphics.framework */ = {isa = PBXFileReference; lastKnownFileType = wrapper.framework; name = CoreGraphics.framework; path = System/Library/Frameworks/CoreGraphics.framework; sourceTree = SDKROOT; };
		6A327D231DA365FB00102770 /* QuartzCore.framework */ = {isa = PBXFileReference; lastKnownFileType = wrapper.framework; name = QuartzCore.framework; path = System/Library/Frameworks/QuartzCore.framework; sourceTree = SDKROOT; };
		6A327D251DA3660300102770 /* CoreText.framework */ = {isa = PBXFileReference; lastKnownFileType = wrapper.framework; name = CoreText.framework; path = System/Library/Frameworks/CoreText.framework; sourceTree = SDKROOT; };
		6A327D271DA3660800102770 /* SystemConfiguration.framework */ = {isa = PBXFileReference; lastKnownFileType = wrapper.framework; name = SystemConfiguration.framework; path = System/Library/Frameworks/SystemConfiguration.framework; sourceTree = SDKROOT; };
		6A327D291DA3660F00102770 /* CoreTelephony.framework */ = {isa = PBXFileReference; lastKnownFileType = wrapper.framework; name = CoreTelephony.framework; path = System/Library/Frameworks/CoreTelephony.framework; sourceTree = SDKROOT; };
		6A327D2B1DA3661300102770 /* UIKit.framework */ = {isa = PBXFileReference; lastKnownFileType = wrapper.framework; name = UIKit.framework; path = System/Library/Frameworks/UIKit.framework; sourceTree = SDKROOT; };
		6A327D2D1DA3661900102770 /* libsqlite3.tbd */ = {isa = PBXFileReference; lastKnownFileType = "sourcecode.text-based-dylib-definition"; name = libsqlite3.tbd; path = usr/lib/libsqlite3.tbd; sourceTree = SDKROOT; };
		6A327D2F1DA3661E00102770 /* libz.tbd */ = {isa = PBXFileReference; lastKnownFileType = "sourcecode.text-based-dylib-definition"; name = libz.tbd; path = usr/lib/libz.tbd; sourceTree = SDKROOT; };
		6A327D311DA3662500102770 /* Security.framework */ = {isa = PBXFileReference; lastKnownFileType = wrapper.framework; name = Security.framework; path = System/Library/Frameworks/Security.framework; sourceTree = SDKROOT; };
		6A327D331DA3662A00102770 /* QuickLook.framework */ = {isa = PBXFileReference; lastKnownFileType = wrapper.framework; name = QuickLook.framework; path = System/Library/Frameworks/QuickLook.framework; sourceTree = SDKROOT; };
		6A327D351DA3662F00102770 /* CoreLocation.framework */ = {isa = PBXFileReference; lastKnownFileType = wrapper.framework; name = CoreLocation.framework; path = System/Library/Frameworks/CoreLocation.framework; sourceTree = SDKROOT; };
		6A327D371DA3663600102770 /* MobileCoreServices.framework */ = {isa = PBXFileReference; lastKnownFileType = wrapper.framework; name = MobileCoreServices.framework; path = System/Library/Frameworks/MobileCoreServices.framework; sourceTree = SDKROOT; };
		6A327D391DA3663B00102770 /* CoreSpotlight.framework */ = {isa = PBXFileReference; lastKnownFileType = wrapper.framework; name = CoreSpotlight.framework; path = System/Library/Frameworks/CoreSpotlight.framework; sourceTree = SDKROOT; };
		6A7F20F31E9220EF00721A5E /* WebKit.framework */ = {isa = PBXFileReference; lastKnownFileType = wrapper.framework; name = WebKit.framework; path = System/Library/Frameworks/WebKit.framework; sourceTree = SDKROOT; };
		6A7F20F51E9220F500721A5E /* Photos.framework */ = {isa = PBXFileReference; lastKnownFileType = wrapper.framework; name = Photos.framework; path = System/Library/Frameworks/Photos.framework; sourceTree = SDKROOT; };
		6AF3CB951F1F6A9700915D4C /* libicucore.tbd */ = {isa = PBXFileReference; lastKnownFileType = "sourcecode.text-based-dylib-definition"; name = libicucore.tbd; path = usr/lib/libicucore.tbd; sourceTree = SDKROOT; };
/* End PBXFileReference section */

/* Begin PBXFrameworksBuildPhase section */
		6A327D031DA365DB00102770 /* Frameworks */ = {
			isa = PBXFrameworksBuildPhase;
			buildActionMask = 2147483647;
			files = (
				6AF3CB961F1F6ABC00915D4C /* libicucore.tbd in Frameworks */,
				6A7F20F61E9220F500721A5E /* Photos.framework in Frameworks */,
				6A7F20F41E9220EF00721A5E /* WebKit.framework in Frameworks */,
				6A327D3A1DA3663B00102770 /* CoreSpotlight.framework in Frameworks */,
				6A327D381DA3663600102770 /* MobileCoreServices.framework in Frameworks */,
				6A327D361DA3662F00102770 /* CoreLocation.framework in Frameworks */,
				6A327D341DA3662A00102770 /* QuickLook.framework in Frameworks */,
				6A327D321DA3662500102770 /* Security.framework in Frameworks */,
				6A327D301DA3661E00102770 /* libz.tbd in Frameworks */,
				6A327D2E1DA3661900102770 /* libsqlite3.tbd in Frameworks */,
				6A327D2C1DA3661300102770 /* UIKit.framework in Frameworks */,
				6A327D2A1DA3660F00102770 /* CoreTelephony.framework in Frameworks */,
				6A327D281DA3660800102770 /* SystemConfiguration.framework in Frameworks */,
				6A327D261DA3660300102770 /* CoreText.framework in Frameworks */,
				6A327D241DA365FB00102770 /* QuartzCore.framework in Frameworks */,
				6A327D221DA365F600102770 /* CoreGraphics.framework in Frameworks */,
				4C049CBAB05F3C4D08FF3FB4 /* libPods-APNApp.a in Frameworks */,
			);
			runOnlyForDeploymentPostprocessing = 0;
		};
/* End PBXFrameworksBuildPhase section */

/* Begin PBXGroup section */
		6A327CFD1DA365DB00102770 = {
			isa = PBXGroup;
			children = (
				6A327D201DA365E800102770 /* Frameworks */,
				6A327D081DA365DB00102770 /* APNApp */,
				6A327D071DA365DB00102770 /* Products */,
				955316FAC59FC40D5610A4C4 /* Pods */,
			);
			sourceTree = "<group>";
		};
		6A327D071DA365DB00102770 /* Products */ = {
			isa = PBXGroup;
			children = (
				6A327D061DA365DB00102770 /* APNApp.app */,
			);
			name = Products;
			sourceTree = "<group>";
		};
		6A327D081DA365DB00102770 /* APNApp */ = {
			isa = PBXGroup;
			children = (
				6A1B25FA1DA36B6E005AD0FF /* APNApp.entitlements */,
				6A327D0C1DA365DB00102770 /* AppDelegate.h */,
				6A327D0D1DA365DB00102770 /* AppDelegate.m */,
				6A327D0F1DA365DB00102770 /* ViewController.h */,
				6A327D101DA365DB00102770 /* ViewController.m */,
				6A327D121DA365DB00102770 /* Main.storyboard */,
				6A327D151DA365DB00102770 /* Assets.xcassets */,
				6A327D171DA365DB00102770 /* LaunchScreen.storyboard */,
				6A327D1A1DA365DB00102770 /* Info.plist */,
				6A327D091DA365DB00102770 /* Supporting Files */,
			);
			path = APNApp;
			sourceTree = "<group>";
		};
		6A327D091DA365DB00102770 /* Supporting Files */ = {
			isa = PBXGroup;
			children = (
				6A327D0A1DA365DB00102770 /* main.m */,
			);
			name = "Supporting Files";
			sourceTree = "<group>";
		};
		6A327D201DA365E800102770 /* Frameworks */ = {
			isa = PBXGroup;
			children = (
				6AF3CB951F1F6A9700915D4C /* libicucore.tbd */,
				6A7F20F51E9220F500721A5E /* Photos.framework */,
				6A7F20F31E9220EF00721A5E /* WebKit.framework */,
				6A327D391DA3663B00102770 /* CoreSpotlight.framework */,
				6A327D371DA3663600102770 /* MobileCoreServices.framework */,
				6A327D351DA3662F00102770 /* CoreLocation.framework */,
				6A327D331DA3662A00102770 /* QuickLook.framework */,
				6A327D311DA3662500102770 /* Security.framework */,
				6A327D2F1DA3661E00102770 /* libz.tbd */,
				6A327D2D1DA3661900102770 /* libsqlite3.tbd */,
				6A327D2B1DA3661300102770 /* UIKit.framework */,
				6A327D291DA3660F00102770 /* CoreTelephony.framework */,
				6A327D271DA3660800102770 /* SystemConfiguration.framework */,
				6A327D251DA3660300102770 /* CoreText.framework */,
				6A327D231DA365FB00102770 /* QuartzCore.framework */,
				6A327D211DA365F600102770 /* CoreGraphics.framework */,
				338375B28A568A6E0257F623 /* libPods-APNApp.a */,
			);
			name = Frameworks;
			sourceTree = "<group>";
		};
		955316FAC59FC40D5610A4C4 /* Pods */ = {
			isa = PBXGroup;
			children = (
				3E47EB95E34DB049BC118D9A /* Pods-APNApp.debug.xcconfig */,
				2246C9F78711BD325CA2464F /* Pods-APNApp.release.xcconfig */,
			);
			name = Pods;
			sourceTree = "<group>";
		};
/* End PBXGroup section */

/* Begin PBXNativeTarget section */
		6A327D051DA365DB00102770 /* APNApp */ = {
			isa = PBXNativeTarget;
			buildConfigurationList = 6A327D1D1DA365DB00102770 /* Build configuration list for PBXNativeTarget "APNApp" */;
			buildPhases = (
				465A4DE5764ED26BAF175E9D /* [CP] Check Pods Manifest.lock */,
				6A327D021DA365DB00102770 /* Sources */,
				6A327D031DA365DB00102770 /* Frameworks */,
				6A327D041DA365DB00102770 /* Resources */,
				A0DB080C2E68578AA4100817 /* [CP] Copy Pods Resources */,
			);
			buildRules = (
			);
			dependencies = (
			);
			name = APNApp;
			productName = APNApp;
			productReference = 6A327D061DA365DB00102770 /* APNApp.app */;
			productType = "com.apple.product-type.application";
		};
/* End PBXNativeTarget section */

/* Begin PBXProject section */
		6A327CFE1DA365DB00102770 /* Project object */ = {
			isa = PBXProject;
			attributes = {
				LastUpgradeCheck = 0730;
				ORGANIZATIONNAME = yourorganization;
				TargetAttributes = {
					6A327D051DA365DB00102770 = {
						CreatedOnToolsVersion = 7.3.1;
						SystemCapabilities = {
							com.apple.Push = {
								enabled = 1;
							};
						};
					};
				};
			};
			buildConfigurationList = 6A327D011DA365DB00102770 /* Build configuration list for PBXProject "APNApp" */;
			compatibilityVersion = "Xcode 3.2";
			developmentRegion = English;
			hasScannedForEncodings = 0;
			knownRegions = (
				English,
				en,
				Base,
				ar,
				bg,
				bn,
				ca,
				cs,
				da,
				de,
				el,
				es,
				fa,
				fi,
				fr,
				gu,
				he,
				hi,
				hr,
				hu,
				id,
				it,
				ja,
				kn,
				ko,
				lv,
				ml,
				mr,
				ms,
				"nb-NO",
				nb,
				nl,
				pa,
				pl,
				pt,
				ro,
				ru,
				sk,
				sl,
				sv,
				ta,
				te,
				th,
				tr,
				uk,
				vi,
				"zh-Hans-SG",
				"zh-Hans",
				"zh-Hant-HK",
				"zh-Hant",
				"zh-Hk",
				"zh-Sg",
			);
			mainGroup = 6A327CFD1DA365DB00102770;
			productRefGroup = 6A327D071DA365DB00102770 /* Products */;
			projectDirPath = "";
			projectRoot = "";
			targets = (
				6A327D051DA365DB00102770 /* APNApp */,
			);
		};
/* End PBXProject section */

/* Begin PBXResourcesBuildPhase section */
		6A327D041DA365DB00102770 /* Resources */ = {
			isa = PBXResourcesBuildPhase;
			buildActionMask = 2147483647;
			files = (
				6A327D191DA365DB00102770 /* LaunchScreen.storyboard in Resources */,
				6A327D161DA365DB00102770 /* Assets.xcassets in Resources */,
				6A327D141DA365DB00102770 /* Main.storyboard in Resources */,
			);
			runOnlyForDeploymentPostprocessing = 0;
		};
/* End PBXResourcesBuildPhase section */

/* Begin PBXShellScriptBuildPhase section */
		465A4DE5764ED26BAF175E9D /* [CP] Check Pods Manifest.lock */ = {
			isa = PBXShellScriptBuildPhase;
			buildActionMask = 2147483647;
			files = (
			);
			inputFileListPaths = (
			);
			inputPaths = (
				"${PODS_PODFILE_DIR_PATH}/Podfile.lock",
				"${PODS_ROOT}/Manifest.lock",
			);
			name = "[CP] Check Pods Manifest.lock";
			outputFileListPaths = (
			);
			outputPaths = (
				"$(DERIVED_FILE_DIR)/Pods-APNApp-checkManifestLockResult.txt",
			);
			runOnlyForDeploymentPostprocessing = 0;
			shellPath = /bin/sh;
			shellScript = "diff \"${PODS_PODFILE_DIR_PATH}/Podfile.lock\" \"${PODS_ROOT}/Manifest.lock\" > /dev/null\nif [ $? != 0 ] ; then\n    # print error to STDERR\n    echo \"error: The sandbox is not in sync with the Podfile.lock. Run 'pod install' or update your CocoaPods installation.\" >&2\n    exit 1\nfi\n# This output is used by Xcode 'outputs' to avoid re-running this script phase.\necho \"SUCCESS\" > \"${SCRIPT_OUTPUT_FILE_0}\"\n";
			showEnvVarsInLog = 0;
		};
		A0DB080C2E68578AA4100817 /* [CP] Copy Pods Resources */ = {
			isa = PBXShellScriptBuildPhase;
			buildActionMask = 2147483647;
			files = (
			);
			inputPaths = (
				"${PODS_ROOT}/Target Support Files/Pods-APNApp/Pods-APNApp-resources.sh",
				"${PODS_ROOT}/Helpshift/helpshift-sdk-ios-v7.7.0/HsUIResources.bundle",
				"${PODS_ROOT}/Helpshift/helpshift-sdk-ios-v7.7.0/HsLocalization.bundle",
				"${PODS_ROOT}/Helpshift/helpshift-sdk-ios-v7.7.0/HSThemes/HelpshiftConfig.plist",
				"${PODS_ROOT}/Helpshift/helpshift-sdk-ios-v7.7.0/HSThemes/HelpshiftConfigDark.plist",
				"${PODS_ROOT}/Helpshift/helpshift-sdk-ios-v7.7.0/HSThemes/HelpshiftConfigDarkHighContrast.plist",
				"${PODS_ROOT}/Helpshift/helpshift-sdk-ios-v7.7.0/HSThemes/HelpshiftConfigHighContrast.plist",
			);
			name = "[CP] Copy Pods Resources";
			outputPaths = (
				"${TARGET_BUILD_DIR}/${UNLOCALIZED_RESOURCES_FOLDER_PATH}/HsUIResources.bundle",
				"${TARGET_BUILD_DIR}/${UNLOCALIZED_RESOURCES_FOLDER_PATH}/HsLocalization.bundle",
				"${TARGET_BUILD_DIR}/${UNLOCALIZED_RESOURCES_FOLDER_PATH}/HelpshiftConfig.plist",
				"${TARGET_BUILD_DIR}/${UNLOCALIZED_RESOURCES_FOLDER_PATH}/HelpshiftConfigDark.plist",
				"${TARGET_BUILD_DIR}/${UNLOCALIZED_RESOURCES_FOLDER_PATH}/HelpshiftConfigDarkHighContrast.plist",
				"${TARGET_BUILD_DIR}/${UNLOCALIZED_RESOURCES_FOLDER_PATH}/HelpshiftConfigHighContrast.plist",
			);
			runOnlyForDeploymentPostprocessing = 0;
			shellPath = /bin/sh;
			shellScript = "\"${PODS_ROOT}/Target Support Files/Pods-APNApp/Pods-APNApp-resources.sh\"\n";
			showEnvVarsInLog = 0;
		};
/* End PBXShellScriptBuildPhase section */

/* Begin PBXSourcesBuildPhase section */
		6A327D021DA365DB00102770 /* Sources */ = {
			isa = PBXSourcesBuildPhase;
			buildActionMask = 2147483647;
			files = (
				6A327D111DA365DB00102770 /* ViewController.m in Sources */,
				6A327D0E1DA365DB00102770 /* AppDelegate.m in Sources */,
				6A327D0B1DA365DB00102770 /* main.m in Sources */,
			);
			runOnlyForDeploymentPostprocessing = 0;
		};
/* End PBXSourcesBuildPhase section */

/* Begin PBXVariantGroup section */
		6A327D121DA365DB00102770 /* Main.storyboard */ = {
			isa = PBXVariantGroup;
			children = (
				6A327D131DA365DB00102770 /* Base */,
			);
			name = Main.storyboard;
			sourceTree = "<group>";
		};
		6A327D171DA365DB00102770 /* LaunchScreen.storyboard */ = {
			isa = PBXVariantGroup;
			children = (
				6A327D181DA365DB00102770 /* Base */,
			);
			name = LaunchScreen.storyboard;
			sourceTree = "<group>";
		};
/* End PBXVariantGroup section */

/* Begin XCBuildConfiguration section */
		6A327D1B1DA365DB00102770 /* Debug */ = {
			isa = XCBuildConfiguration;
			buildSettings = {
				ALWAYS_SEARCH_USER_PATHS = NO;
				CLANG_ANALYZER_NONNULL = YES;
				CLANG_CXX_LANGUAGE_STANDARD = "gnu++0x";
				CLANG_CXX_LIBRARY = "libc++";
				CLANG_ENABLE_MODULES = YES;
				CLANG_ENABLE_OBJC_ARC = YES;
				CLANG_WARN_BOOL_CONVERSION = YES;
				CLANG_WARN_CONSTANT_CONVERSION = YES;
				CLANG_WARN_DIRECT_OBJC_ISA_USAGE = YES_ERROR;
				CLANG_WARN_EMPTY_BODY = YES;
				CLANG_WARN_ENUM_CONVERSION = YES;
				CLANG_WARN_INT_CONVERSION = YES;
				CLANG_WARN_OBJC_ROOT_CLASS = YES_ERROR;
				CLANG_WARN_UNREACHABLE_CODE = YES;
				CLANG_WARN__DUPLICATE_METHOD_MATCH = YES;
				"CODE_SIGN_IDENTITY[sdk=iphoneos*]" = "iPhone Developer";
				COPY_PHASE_STRIP = NO;
				DEBUG_INFORMATION_FORMAT = dwarf;
				ENABLE_STRICT_OBJC_MSGSEND = YES;
				ENABLE_TESTABILITY = YES;
				GCC_C_LANGUAGE_STANDARD = gnu99;
				GCC_DYNAMIC_NO_PIC = NO;
				GCC_NO_COMMON_BLOCKS = YES;
				GCC_OPTIMIZATION_LEVEL = 0;
				GCC_PREPROCESSOR_DEFINITIONS = (
					"DEBUG=1",
					"$(inherited)",
				);
				GCC_WARN_64_TO_32_BIT_CONVERSION = YES;
				GCC_WARN_ABOUT_RETURN_TYPE = YES_ERROR;
				GCC_WARN_UNDECLARED_SELECTOR = YES;
				GCC_WARN_UNINITIALIZED_AUTOS = YES_AGGRESSIVE;
				GCC_WARN_UNUSED_FUNCTION = YES;
				GCC_WARN_UNUSED_VARIABLE = YES;
				IPHONEOS_DEPLOYMENT_TARGET = 9.3;
				MTL_ENABLE_DEBUG_INFO = YES;
				ONLY_ACTIVE_ARCH = YES;
				SDKROOT = iphoneos;
				TARGETED_DEVICE_FAMILY = "1,2";
			};
			name = Debug;
		};
		6A327D1C1DA365DB00102770 /* Release */ = {
			isa = XCBuildConfiguration;
			buildSettings = {
				ALWAYS_SEARCH_USER_PATHS = NO;
				CLANG_ANALYZER_NONNULL = YES;
				CLANG_CXX_LANGUAGE_STANDARD = "gnu++0x";
				CLANG_CXX_LIBRARY = "libc++";
				CLANG_ENABLE_MODULES = YES;
				CLANG_ENABLE_OBJC_ARC = YES;
				CLANG_WARN_BOOL_CONVERSION = YES;
				CLANG_WARN_CONSTANT_CONVERSION = YES;
				CLANG_WARN_DIRECT_OBJC_ISA_USAGE = YES_ERROR;
				CLANG_WARN_EMPTY_BODY = YES;
				CLANG_WARN_ENUM_CONVERSION = YES;
				CLANG_WARN_INT_CONVERSION = YES;
				CLANG_WARN_OBJC_ROOT_CLASS = YES_ERROR;
				CLANG_WARN_UNREACHABLE_CODE = YES;
				CLANG_WARN__DUPLICATE_METHOD_MATCH = YES;
				"CODE_SIGN_IDENTITY[sdk=iphoneos*]" = "iPhone Developer";
				COPY_PHASE_STRIP = NO;
				DEBUG_INFORMATION_FORMAT = "dwarf-with-dsym";
				ENABLE_NS_ASSERTIONS = NO;
				ENABLE_STRICT_OBJC_MSGSEND = YES;
				GCC_C_LANGUAGE_STANDARD = gnu99;
				GCC_NO_COMMON_BLOCKS = YES;
				GCC_WARN_64_TO_32_BIT_CONVERSION = YES;
				GCC_WARN_ABOUT_RETURN_TYPE = YES_ERROR;
				GCC_WARN_UNDECLARED_SELECTOR = YES;
				GCC_WARN_UNINITIALIZED_AUTOS = YES_AGGRESSIVE;
				GCC_WARN_UNUSED_FUNCTION = YES;
				GCC_WARN_UNUSED_VARIABLE = YES;
				IPHONEOS_DEPLOYMENT_TARGET = 9.3;
				MTL_ENABLE_DEBUG_INFO = NO;
				SDKROOT = iphoneos;
				TARGETED_DEVICE_FAMILY = "1,2";
				VALIDATE_PRODUCT = YES;
			};
			name = Release;
		};
		6A327D1E1DA365DB00102770 /* Debug */ = {
			isa = XCBuildConfiguration;
			baseConfigurationReference = 3E47EB95E34DB049BC118D9A /* Pods-APNApp.debug.xcconfig */;
			buildSettings = {
				ALWAYS_EMBED_SWIFT_STANDARD_LIBRARIES = YES;
				ASSETCATALOG_COMPILER_APPICON_NAME = AppIcon;
				CODE_SIGN_ENTITLEMENTS = APNApp/APNApp.entitlements;
				DEVELOPMENT_TEAM = "";
				INFOPLIST_FILE = APNApp/Info.plist;
				IPHONEOS_DEPLOYMENT_TARGET = 7.0;
				LD_RUNPATH_SEARCH_PATHS = "/usr/lib/swift $(inherited) @executable_path/Frameworks";
				LIBRARY_SEARCH_PATHS = (
					"$(inherited)",
					"$(PROJECT_DIR)",
					"$(TOOLCHAIN_DIR)/usr/lib/swift-5.0/$(PLATFORM_NAME)",
				);
				PRODUCT_BUNDLE_IDENTIFIER = com.companyName.productName;
				PRODUCT_NAME = "$(TARGET_NAME)";
			};
			name = Debug;
		};
		6A327D1F1DA365DB00102770 /* Release */ = {
			isa = XCBuildConfiguration;
			baseConfigurationReference = 2246C9F78711BD325CA2464F /* Pods-APNApp.release.xcconfig */;
			buildSettings = {
				ALWAYS_EMBED_SWIFT_STANDARD_LIBRARIES = YES;
				ASSETCATALOG_COMPILER_APPICON_NAME = AppIcon;
				CODE_SIGN_ENTITLEMENTS = APNApp/APNApp.entitlements;
				DEVELOPMENT_TEAM = "";
				INFOPLIST_FILE = APNApp/Info.plist;
				IPHONEOS_DEPLOYMENT_TARGET = 7.0;
				LD_RUNPATH_SEARCH_PATHS = "/usr/lib/swift $(inherited) @executable_path/Frameworks";
				LIBRARY_SEARCH_PATHS = (
					"$(inherited)",
					"$(PROJECT_DIR)",
					"$(TOOLCHAIN_DIR)/usr/lib/swift-5.0/$(PLATFORM_NAME)",
				);
				PRODUCT_BUNDLE_IDENTIFIER = com.companyName.productName;
				PRODUCT_NAME = "$(TARGET_NAME)";
			};
			name = Release;
		};
/* End XCBuildConfiguration section */

/* Begin XCConfigurationList section */
		6A327D011DA365DB00102770 /* Build configuration list for PBXProject "APNApp" */ = {
			isa = XCConfigurationList;
			buildConfigurations = (
				6A327D1B1DA365DB00102770 /* Debug */,
				6A327D1C1DA365DB00102770 /* Release */,
			);
			defaultConfigurationIsVisible = 0;
			defaultConfigurationName = Release;
		};
		6A327D1D1DA365DB00102770 /* Build configuration list for PBXNativeTarget "APNApp" */ = {
			isa = XCConfigurationList;
			buildConfigurations = (
				6A327D1E1DA365DB00102770 /* Debug */,
				6A327D1F1DA365DB00102770 /* Release */,
			);
			defaultConfigurationIsVisible = 0;
			defaultConfigurationName = Release;
		};
/* End XCConfigurationList section */
	};
	rootObject = 6A327CFE1DA365DB00102770 /* Project object */;
}
